// !$*UTF8*$!
{
	archiveVersion = 1;
	classes = {
	};
	objectVersion = 77;
	objects = {

/* Begin PBXBuildFile section */
		0320C7903BD2691016A6B345 /* SeriesSpineMapTests.swift in Sources */ = {isa = PBXBuildFile; fileRef = FC2F7C1CD3BEC0713173046B /* SeriesSpineMapTests.swift */; };
		03B6D677E9457AC604D24C65 /* SQLite in Frameworks */ = {isa = PBXBuildFile; productRef = 2901C05701C21B1AA8287ED4 /* SQLite */; };
		03E68811E335715061EB3D3A /* PaginationEngine.swift in Sources */ = {isa = PBXBuildFile; fileRef = 49DFDAF403C89C5C5EC1F025 /* PaginationEngine.swift */; };
		0495CD1811E9F78549AC5494 /* HighlightBridge.swift in Sources */ = {isa = PBXBuildFile; fileRef = 232C4C8E9F239EC2CDB0255A /* HighlightBridge.swift */; };
		059C04492E4E650E71FEFBC1 /* AO3FilterPopupState.swift in Sources */ = {isa = PBXBuildFile; fileRef = 0989BD59F5F271E0220D8E57 /* AO3FilterPopupState.swift */; };
		0733445EF8892F2BB4C73ADE /* ao3_tag_seed_fixture_schema.sql in Resources */ = {isa = PBXBuildFile; fileRef = ED59A2EE15CB5A553FEFF9EC /* ao3_tag_seed_fixture_schema.sql */; };
		093BBB063DAB83B19A4C3413 /* FontPanelCoordinator.swift in Sources */ = {isa = PBXBuildFile; fileRef = 16A704F489DD9D26D38E31FA /* FontPanelCoordinator.swift */; };
		0C959358DB1D24E2C05E5AEC /* PreferencesWindowController.swift in Sources */ = {isa = PBXBuildFile; fileRef = 8827B50D36C943F8372AAC70 /* PreferencesWindowController.swift */; };
		0D6470486721FDB6A7178F51 /* ReaderPreferences.swift in Sources */ = {isa = PBXBuildFile; fileRef = DB51239D463D53ED3050335F /* ReaderPreferences.swift */; };
		0D9ACA0F987D3DB4D8840C23 /* ExportManager.swift in Sources */ = {isa = PBXBuildFile; fileRef = AEA836E9B58CC9CF0F837BC0 /* ExportManager.swift */; };
		0ECBB0D3859859FEC0884A5B /* FlowLayout.swift in Sources */ = {isa = PBXBuildFile; fileRef = 7B4823CCE23E930A0E5A58FC /* FlowLayout.swift */; };
		0F67E60EB29873F442257C9F /* SystemCollectionID.swift in Sources */ = {isa = PBXBuildFile; fileRef = 573930B5F4069D5EEBD96349 /* SystemCollectionID.swift */; };
		128372098A3C10F1482B4D96 /* SearchQueryParserTests.swift in Sources */ = {isa = PBXBuildFile; fileRef = 473376E675A72C71257038BE /* SearchQueryParserTests.swift */; };
		12F4B32C2E1284038750759A /* AnnotationExportManager.swift in Sources */ = {isa = PBXBuildFile; fileRef = 67284D645BC048434AFE8FC8 /* AnnotationExportManager.swift */; };
		17AD4104A31B238D2511C961 /* GzipEncoderTests.swift in Sources */ = {isa = PBXBuildFile; fileRef = 69AB269251BF5E77491AE088 /* GzipEncoderTests.swift */; };
		187ED16CED014E76FC09FB0B /* AO3TagSeedDatabaseConfig.swift in Sources */ = {isa = PBXBuildFile; fileRef = ECED38594084DF9B35529CEE /* AO3TagSeedDatabaseConfig.swift */; };
		19232382C3F6A0AA42F822D5 /* LibraryQueryHelpers.swift in Sources */ = {isa = PBXBuildFile; fileRef = 912135D585D5A944C064538D /* LibraryQueryHelpers.swift */; };
		19A7EF21D956685EFC7AF9A7 /* CollectionsView.swift in Sources */ = {isa = PBXBuildFile; fileRef = 1851E8A9A462364B1A7EFE3B /* CollectionsView.swift */; };
		19E3D4DD5FD9923B58CA7F3D /* EmailDetailView.swift in Sources */ = {isa = PBXBuildFile; fileRef = 6DE3F28B435A2244FD26ECDF /* EmailDetailView.swift */; };
		1AA1EB3B668CD1A65424F23A /* SearchActivityLog.swift in Sources */ = {isa = PBXBuildFile; fileRef = 5B69076AFF297065B7DA9FEF /* SearchActivityLog.swift */; };
		1D4AD87B296E53570DA5CDAF /* LibraryToolbarState.swift in Sources */ = {isa = PBXBuildFile; fileRef = A82098B82233278A48240849 /* LibraryToolbarState.swift */; };
		1E35CC2C967BC5560C5CD191 /* LibraryRegistry.swift in Sources */ = {isa = PBXBuildFile; fileRef = AA67F39689A9DF7BA33898FB /* LibraryRegistry.swift */; };
		1E53BE46CA06B2291CFEEC2B /* CollectionAssignment.swift in Sources */ = {isa = PBXBuildFile; fileRef = FB07DABD38E1C0F473C70032 /* CollectionAssignment.swift */; };
		211E12AFF6C9D3F5724D1214 /* SQLite in Frameworks */ = {isa = PBXBuildFile; productRef = 7C3753A4EDE6E4FD4187703E /* SQLite */; };
		215AF321C6417A098ED50263 /* BaseStyles.css in Resources */ = {isa = PBXBuildFile; fileRef = 7766D4ED2F571A469DD71987 /* BaseStyles.css */; };
		21E04E2D3EA285585E88FA53 /* DebounceTimerTests.swift in Sources */ = {isa = PBXBuildFile; fileRef = C93A7D6EB654A54A2B397977 /* DebounceTimerTests.swift */; };
		22255ECA132ADD35C8C7E809 /* SeriesMatchExpansion.swift in Sources */ = {isa = PBXBuildFile; fileRef = 5CABBED97875AF5ADA548A25 /* SeriesMatchExpansion.swift */; };
		233730E07851F18501211D17 /* TOCSidebarView.swift in Sources */ = {isa = PBXBuildFile; fileRef = CBE86D639BA1DBB12A425E04 /* TOCSidebarView.swift */; };
		24311F1A1CD053B5BBB5B1A9 /* AO3MetadataExtractorAuthorsTests.swift in Sources */ = {isa = PBXBuildFile; fileRef = 9B2FC918E937503366D40BEF /* AO3MetadataExtractorAuthorsTests.swift */; };
		27E8864F78672426444C5B06 /* HTMLStripper.swift in Sources */ = {isa = PBXBuildFile; fileRef = E5CC6FB260434AEF7C65C5A1 /* HTMLStripper.swift */; };
		2DA747944D71992EBA9104CD /* LocalFeedServerWalkCacheTests.swift in Sources */ = {isa = PBXBuildFile; fileRef = ED53722DF1A39053746674CE /* LocalFeedServerWalkCacheTests.swift */; };
		31018C0E134D6DFADB78A0CA /* ErrorLogEntry.swift in Sources */ = {isa = PBXBuildFile; fileRef = 5B3AC9E1DAE150646A4E9FCA /* ErrorLogEntry.swift */; };
		3235532E53F71BF330BF56C3 /* EmailSidebarViewController.swift in Sources */ = {isa = PBXBuildFile; fileRef = 5BA09FFBFFB73538BC4C7016 /* EmailSidebarViewController.swift */; };
		332C82DC72DDF7CAB5456E53 /* FindBarView.swift in Sources */ = {isa = PBXBuildFile; fileRef = EF92A71D244B48D148812F85 /* FindBarView.swift */; };
		37B6FEF2E37EC0A2A5C31F52 /* SeriesGroupBuilder.swift in Sources */ = {isa = PBXBuildFile; fileRef = CC029CA5577F674D27ECB44D /* SeriesGroupBuilder.swift */; };
		3ABD7281BC3A07B788C628BF /* SeriesSpineMap.swift in Sources */ = {isa = PBXBuildFile; fileRef = D5F148E07A324C6A679B6B53 /* SeriesSpineMap.swift */; };
		3F341E2EC038123CBF080F6B /* ZIPFoundation in Frameworks */ = {isa = PBXBuildFile; productRef = B6D579EBCC9ADE0EDB269AF4 /* ZIPFoundation */; };
		3F4B3A622A493BBAA05A9C76 /* BookListRow.swift in Sources */ = {isa = PBXBuildFile; fileRef = 8AD9970C2361B2D12F1D6DE9 /* BookListRow.swift */; };
		40BF6956EB11A9662C016B4D /* TransferDatabaseBuilder.swift in Sources */ = {isa = PBXBuildFile; fileRef = 23A2DD51521BB8F297B3170F /* TransferDatabaseBuilder.swift */; };
		40E700BF96569BD97261E264 /* TagExpansionResolver.swift in Sources */ = {isa = PBXBuildFile; fileRef = D61F8DA58119208BD69205D0 /* TagExpansionResolver.swift */; };
		416DF9CFCCDAC0594FA85852 /* AmbrosiaMetaDBMigrationTests.swift in Sources */ = {isa = PBXBuildFile; fileRef = A548D3B87254961811265601 /* AmbrosiaMetaDBMigrationTests.swift */; };
		41A648C66414EBBD7C20C4DD /* SeriesHelpersTests.swift in Sources */ = {isa = PBXBuildFile; fileRef = C71F6C9B73896A8C3FA38965 /* SeriesHelpersTests.swift */; };
		4279E636C27B3DAF1D957C17 /* AO3FilterPopupView.swift in Sources */ = {isa = PBXBuildFile; fileRef = BDB14730ACF8294BFAEBCE40 /* AO3FilterPopupView.swift */; };
		43BF7EDD0CC92B31B995103E /* ao3_tag_seed_fixture_data.sql in Resources */ = {isa = PBXBuildFile; fileRef = 3A695EC2667EAB6CBCFECCE3 /* ao3_tag_seed_fixture_data.sql */; };
		4532E6AA3F01FC2AD1613CC8 /* LibraryFilterDebugSummaryTests.swift in Sources */ = {isa = PBXBuildFile; fileRef = A321CD999E78A3B36DA89380 /* LibraryFilterDebugSummaryTests.swift */; };
		45B2F387CC24FD727433ECBD /* LibraryIndexManager.swift in Sources */ = {isa = PBXBuildFile; fileRef = F5A66E991A68B82A428554C2 /* LibraryIndexManager.swift */; };
		494E1E26712CD2CFA368CAA9 /* EPUBParser+XMLDelegates.swift in Sources */ = {isa = PBXBuildFile; fileRef = 6B387CEFFD9799E907F89A96 /* EPUBParser+XMLDelegates.swift */; };
		4B0CED8E8D6E7A055CE64D65 /* SeriesGroupBuilderTests.swift in Sources */ = {isa = PBXBuildFile; fileRef = F767F421D1E0C20B9862E1C3 /* SeriesGroupBuilderTests.swift */; };
		4F3D89A168CBB82D2105DF4B /* FlyingSocks in Frameworks */ = {isa = PBXBuildFile; productRef = 4DB584241E689F61ECFA1D33 /* FlyingSocks */; };
		51F1C8D668AD0ED362A786A2 /* CalibreFTSLibrary.swift in Sources */ = {isa = PBXBuildFile; fileRef = FEB9EB8E6F0970FCE0A12B2D /* CalibreFTSLibrary.swift */; };
		524A5F1FE613566A943D4009 /* EmailReaderSidebarView.swift in Sources */ = {isa = PBXBuildFile; fileRef = 2220A03B834CCA50084099DD /* EmailReaderSidebarView.swift */; };
		52A7FABDB06928B67B937524 /* Assets.xcassets in Resources */ = {isa = PBXBuildFile; fileRef = D5259C27075B2E94DE827911 /* Assets.xcassets */; };
		5335E40754E2F45376C85D07 /* AppDelegate.swift in Sources */ = {isa = PBXBuildFile; fileRef = 22AD1DDDBBFC666B881E0174 /* AppDelegate.swift */; };
		5740B8B8515BF46AB8899E32 /* SwiftSoup in Frameworks */ = {isa = PBXBuildFile; productRef = 6E77C7D9F1CDB2B67DD31AF2 /* SwiftSoup */; };
		57A29F28E97E7E177A90B389 /* CalibreBook.swift in Sources */ = {isa = PBXBuildFile; fileRef = 5E13595C5EFD2315BFCFCB1D /* CalibreBook.swift */; };
		595660AB461D78EFE7C7A7A6 /* ReadingGoalView.swift in Sources */ = {isa = PBXBuildFile; fileRef = 1D149E6DEA5BB1619656D09A /* ReadingGoalView.swift */; };
		5A3AF850DC6E762823323B64 /* EPUBParser+Rendering.swift in Sources */ = {isa = PBXBuildFile; fileRef = E641C8C7B9C3A83F6CC6BAC8 /* EPUBParser+Rendering.swift */; };
		5E1BBA23BDECC95514E409D5 /* ErrorLogView.swift in Sources */ = {isa = PBXBuildFile; fileRef = DEC2BCBAB97B36F5D1067F3F /* ErrorLogView.swift */; };
		5F487DF04828BA069AA81387 /* CollectionActivityEntry.swift in Sources */ = {isa = PBXBuildFile; fileRef = 17179E3D13718C6440415E61 /* CollectionActivityEntry.swift */; };
		60ED45101F91AD7575088757 /* DuplicateBookDetectorTests.swift in Sources */ = {isa = PBXBuildFile; fileRef = BC4127C048C740C4D67ABA73 /* DuplicateBookDetectorTests.swift */; };
		616A05EDCD177C09A08F5546 /* TagExpansionResolverTests.swift in Sources */ = {isa = PBXBuildFile; fileRef = 8B138D1DB34466F96DD4F131 /* TagExpansionResolverTests.swift */; };
		63B1C9ADCE7807EC4870D302 /* KeyBindingValidationTests.swift in Sources */ = {isa = PBXBuildFile; fileRef = 6DE9A10BCDFA475F25FC8A93 /* KeyBindingValidationTests.swift */; };
		651DD036F827D25E1FE3EC3B /* AO3FacetField.swift in Sources */ = {isa = PBXBuildFile; fileRef = 7C75213D8EFD1B285FD27871 /* AO3FacetField.swift */; };
		653758C1963C175A6154EFAE /* PagingOffsetStateNavigationIntentTests.swift in Sources */ = {isa = PBXBuildFile; fileRef = 3744C64238005CD7B759CE8D /* PagingOffsetStateNavigationIntentTests.swift */; };
		670F761FE0BA8E30F7971E59 /* AO3FilterFacetController.swift in Sources */ = {isa = PBXBuildFile; fileRef = AD7CB1D59702C3A538224D77 /* AO3FilterFacetController.swift */; };
		6761B0F77C29C656388A75F2 /* EmailLibraryViewController.swift in Sources */ = {isa = PBXBuildFile; fileRef = 30C556FD988CBFDDE3513A87 /* EmailLibraryViewController.swift */; };
		67DAB3CD4213F48E3AE7F1BC /* AO3FilterPopupWindowController.swift in Sources */ = {isa = PBXBuildFile; fileRef = D994F254FB5CDE8D644C5194 /* AO3FilterPopupWindowController.swift */; };
		6A5DA59274FCBC230378BEEA /* ActivityFeed.swift in Sources */ = {isa = PBXBuildFile; fileRef = C81404DE1253E5CBCFE8EB4C /* ActivityFeed.swift */; };
		6BF2A94F56BF9E2FD78AAB8A /* AO3Metadata.swift in Sources */ = {isa = PBXBuildFile; fileRef = D07BA48DB14D1025D2B03AFB /* AO3Metadata.swift */; };
		6D7E9DEEB22D601542A4DEC8 /* EPUBParser.swift in Sources */ = {isa = PBXBuildFile; fileRef = 736EE78F069E238B50DAA3E3 /* EPUBParser.swift */; };
		752B4DC2BD8762D798DCDA7B /* AO3MetadataExtractor+Authors.swift in Sources */ = {isa = PBXBuildFile; fileRef = 9BA6F05068C80E0DC5890F35 /* AO3MetadataExtractor+Authors.swift */; };
		7AE967F4AD77FF8332552317 /* AnnotationSidebarView.swift in Sources */ = {isa = PBXBuildFile; fileRef = D35DB2C089183A112B833323 /* AnnotationSidebarView.swift */; };
		7B5DD41C0A713F72A4BFB096 /* LibraryVisibilityPolicyTests.swift in Sources */ = {isa = PBXBuildFile; fileRef = B6E360C8271967C0918EEEE7 /* LibraryVisibilityPolicyTests.swift */; };
		7BEE808473153B5C333F41DE /* LibraryQueryHelpersTests.swift in Sources */ = {isa = PBXBuildFile; fileRef = 05580F2DED73F5B3BBC177EC /* LibraryQueryHelpersTests.swift */; };
		7CD3F410D0560A346BADF9C8 /* CalibreTestFixture.swift in Sources */ = {isa = PBXBuildFile; fileRef = F0004963E771097A5F65F5BA /* CalibreTestFixture.swift */; };
		7E1E5F271E9C93CDF53F44B4 /* AnnotationPopover.swift in Sources */ = {isa = PBXBuildFile; fileRef = B3A1F7569E2B2BE6AA95D31C /* AnnotationPopover.swift */; };
		7F353EF72AAA9B1DFDAF71DF /* PaginationJS.swift in Sources */ = {isa = PBXBuildFile; fileRef = EED639AD9D4F47D6C30ADED3 /* PaginationJS.swift */; };
		833915C67CE37D89E879B2B8 /* LibraryWindowController.swift in Sources */ = {isa = PBXBuildFile; fileRef = C5B4F22F1D6210A094B9F282 /* LibraryWindowController.swift */; };
		835D158FC4F68BB3E66EF493 /* AnnotationExportManagerTests.swift in Sources */ = {isa = PBXBuildFile; fileRef = 02E9C162B42B8E11DD289DE2 /* AnnotationExportManagerTests.swift */; };
		83DB8078E61E82FF0DED5758 /* ContextMenuPreferences.swift in Sources */ = {isa = PBXBuildFile; fileRef = 23A11623A008F08574D57D89 /* ContextMenuPreferences.swift */; };
		86E4CE4B62E977AE3098FAC9 /* FilterBuilder.swift in Sources */ = {isa = PBXBuildFile; fileRef = D17FAFFBD687BF49845D8118 /* FilterBuilder.swift */; };
		872E80005951E9497316FED8 /* CollectionStoreTests.swift in Sources */ = {isa = PBXBuildFile; fileRef = 924FF25A20F2B23710B28DCB /* CollectionStoreTests.swift */; };
		89F0A1F715C7F298A66F49CF /* FlyingFox in Frameworks */ = {isa = PBXBuildFile; productRef = 07F26E0BE90AFA894F99A2A0 /* FlyingFox */; };
		8AB13D0C020C5DBFACFAAB1F /* AmbrosiaMetaDB.swift in Sources */ = {isa = PBXBuildFile; fileRef = C244417263C8E0E666D4C0A7 /* AmbrosiaMetaDB.swift */; };
		8ADCFE1F089EEF85ECD0E3EA /* LibrarySession.swift in Sources */ = {isa = PBXBuildFile; fileRef = 2820FE28031DF3E0479DB615 /* LibrarySession.swift */; };
		8CFCCDBE690BDC7572A3742F /* CacheTypes.swift in Sources */ = {isa = PBXBuildFile; fileRef = E998CFA5A2BA01A8789134A9 /* CacheTypes.swift */; };
		8D5AB7EA5BCB61B844C3970C /* LibraryQueryController.swift in Sources */ = {isa = PBXBuildFile; fileRef = B18D6D9798DFB6E5609499DB /* LibraryQueryController.swift */; };
		8EBC0535547FE1D789AF5AEB /* AO3RatingHighestTests.swift in Sources */ = {isa = PBXBuildFile; fileRef = CE88E86CA96F48C382A226D8 /* AO3RatingHighestTests.swift */; };
		90D62691A9BD717CE84C64A1 /* EPUBImageReferenceRewriteTests.swift in Sources */ = {isa = PBXBuildFile; fileRef = 297CD455A315792CBB99DA9C /* EPUBImageReferenceRewriteTests.swift */; };
		9154A94D1BB0F310B739C960 /* CalibreLibrary.swift in Sources */ = {isa = PBXBuildFile; fileRef = F7C8531FE1BBAC1A96844748 /* CalibreLibrary.swift */; };
		925490FDC1E4EB1DD8C1504A /* DuplicateBookDetector.swift in Sources */ = {isa = PBXBuildFile; fileRef = B5503A33168ED0175CD23C34 /* DuplicateBookDetector.swift */; };
		97493EECBEF7C8208D684618 /* SearchQueryParser.swift in Sources */ = {isa = PBXBuildFile; fileRef = 53CF0A2DF39E8B2941FF1974 /* SearchQueryParser.swift */; };
		9C46518227336A0E4E02BCA9 /* LibraryRootView.swift in Sources */ = {isa = PBXBuildFile; fileRef = 267D03B993EF380F591D7DE7 /* LibraryRootView.swift */; };
		A58C27D5C698D352B23BC558 /* FilterRule.swift in Sources */ = {isa = PBXBuildFile; fileRef = B10814B697794E09EB08DFC9 /* FilterRule.swift */; };
		A6CBE4F2AAD4F2AF971B8935 /* KeyBinding.swift in Sources */ = {isa = PBXBuildFile; fileRef = 3D4AD80423CE4D0A54801E33 /* KeyBinding.swift */; };
		A7585927E7601F4C456730EC /* ReaderViewController.swift in Sources */ = {isa = PBXBuildFile; fileRef = 37C670BFD64C0E048E2B58F7 /* ReaderViewController.swift */; };
		A75C92383E822896380664AC /* CalibreLibrarySearch.swift in Sources */ = {isa = PBXBuildFile; fileRef = 49EE8EF4BEE6DB8E21000B1F /* CalibreLibrarySearch.swift */; };
		A77625315A698D64D1C4BB85 /* CollectionStore.swift in Sources */ = {isa = PBXBuildFile; fileRef = EAC76C5100C10622DB76497F /* CollectionStore.swift */; };
		AA832CDE3833F27EA99D8A11 /* SearchSuggestionsView.swift in Sources */ = {isa = PBXBuildFile; fileRef = E911E7C649C7E31620D365C7 /* SearchSuggestionsView.swift */; };
		AB681CDDA5DBA0D27337FB44 /* DebounceTimer.swift in Sources */ = {isa = PBXBuildFile; fileRef = 164A825B58B5CE9C8FE2C059 /* DebounceTimer.swift */; };
		AEA8FEF2583F69CE88E426F3 /* ExtractionProgress.swift in Sources */ = {isa = PBXBuildFile; fileRef = E1627DFE9CB214F9EBCE1B2F /* ExtractionProgress.swift */; };
		B099C8187C941012B35C1ABB /* CustomColumnConfig.swift in Sources */ = {isa = PBXBuildFile; fileRef = 005021FDE49E54B59A17E61E /* CustomColumnConfig.swift */; };
		B186D6BA6B955B85966807CA /* FilterValueTextField.swift in Sources */ = {isa = PBXBuildFile; fileRef = 0ED83928408A6AD3A3407283 /* FilterValueTextField.swift */; };
		B4057478265686D9892AA73E /* AO3TagSeedDatabaseConfigInstanceTests.swift in Sources */ = {isa = PBXBuildFile; fileRef = 2D25627386848651795803BB /* AO3TagSeedDatabaseConfigInstanceTests.swift */; };
		B4676C67120450C852C25325 /* LibraryIndexManagerTests.swift in Sources */ = {isa = PBXBuildFile; fileRef = 7EDABCC481D32CB15917A97B /* LibraryIndexManagerTests.swift */; };
		B6069C733F7FE1839604BC6C /* HTMLStripperTests.swift in Sources */ = {isa = PBXBuildFile; fileRef = BBADAD13FC0919F80C76CE1E /* HTMLStripperTests.swift */; };
		B9C5B393734F95544D0E393C /* LibraryVisibilityPolicy.swift in Sources */ = {isa = PBXBuildFile; fileRef = 5F2889332CA217963BD76B2A /* LibraryVisibilityPolicy.swift */; };
		BA147E45481603D28D4F4785 /* BookState.swift in Sources */ = {isa = PBXBuildFile; fileRef = 18F445357C8EDAA3A52DEBBD /* BookState.swift */; };
		BC28C9C4C72654AB81D8622A /* SeriesMatchExpansionTests.swift in Sources */ = {isa = PBXBuildFile; fileRef = 8740A2668A8FB215557CDE9F /* SeriesMatchExpansionTests.swift */; };
		BD0103E7F047F9D547221A0F /* CalibreLibrarySearchTests.swift in Sources */ = {isa = PBXBuildFile; fileRef = E7BED9792C762B17776185BF /* CalibreLibrarySearchTests.swift */; };
		BE55646921EBCEC8DA167586 /* ReadingGoal.swift in Sources */ = {isa = PBXBuildFile; fileRef = 2F0417997F6CCF927992E184 /* ReadingGoal.swift */; };
		C013EBCC781E2673811AD2B9 /* ErrorLogTests.swift in Sources */ = {isa = PBXBuildFile; fileRef = 29E9191C79107F9B6884A4E6 /* ErrorLogTests.swift */; };
		C3145B463255067062B65510 /* LibraryViewController.swift in Sources */ = {isa = PBXBuildFile; fileRef = 3A386EAFF4953DDB93B84FCE /* LibraryViewController.swift */; };
		C5612FA1707C44E112ADC896 /* GzipEncoder.swift in Sources */ = {isa = PBXBuildFile; fileRef = 2D8E430B04E11AE127C82874 /* GzipEncoder.swift */; };
		C5CE940CEE13D2705C1C9408 /* SeriesListRow.swift in Sources */ = {isa = PBXBuildFile; fileRef = E272758D7A318ABED02680B8 /* SeriesListRow.swift */; };
		C711EF5E82BFD54F7816FDA7 /* FilterDrawerView.swift in Sources */ = {isa = PBXBuildFile; fileRef = D422ACDE40ABC4D7FBCC2F9E /* FilterDrawerView.swift */; };
		CA60DD514BC79B8D9BA3F6DF /* AmbrosiaApp.swift in Sources */ = {isa = PBXBuildFile; fileRef = 23BC6F8D182C13189B6CC576 /* AmbrosiaApp.swift */; };
		CABF8CFA1A2E235DD07473D1 /* LocalFeedServer.swift in Sources */ = {isa = PBXBuildFile; fileRef = 72C536C67C2986C3CBDC65A2 /* LocalFeedServer.swift */; };
		CDBD4667C6CD26CD51600AA3 /* AO3TagSeedDatabaseConfigValidationTests.swift in Sources */ = {isa = PBXBuildFile; fileRef = BD9B92CC1C37EA7212428E62 /* AO3TagSeedDatabaseConfigValidationTests.swift */; };
		D0848F669C35F4D8780DA2F1 /* EPUBParser+ImagesAndTOC.swift in Sources */ = {isa = PBXBuildFile; fileRef = 8F53BD64D951290BA376D108 /* EPUBParser+ImagesAndTOC.swift */; };
		D47A6682162DD2A7380CB245 /* CustomColumnConfigTests.swift in Sources */ = {isa = PBXBuildFile; fileRef = 2196294396CDD4B3E8829E06 /* CustomColumnConfigTests.swift */; };
		D57B9D6EBE450DB606428463 /* AO3MetadataExtractor.swift in Sources */ = {isa = PBXBuildFile; fileRef = B89111306BC1656ADD2BBDB2 /* AO3MetadataExtractor.swift */; };
		D70313FBCC6FCEF786AC7510 /* calibre_fixture_schema.sql in Resources */ = {isa = PBXBuildFile; fileRef = BC62015CF53BD65A58E9B2D2 /* calibre_fixture_schema.sql */; };
		DB22E5D2901A950AC9308369 /* ExtractionProgressTests.swift in Sources */ = {isa = PBXBuildFile; fileRef = 060BF9352739D33CF84CCD35 /* ExtractionProgressTests.swift */; };
		E4093450EB9A37AEF0509C14 /* LRUCacheTests.swift in Sources */ = {isa = PBXBuildFile; fileRef = 4C65D444031795EA86E99013 /* LRUCacheTests.swift */; };
		E579FBC36B8D4D034B8E9044 /* ReaderWindowController.swift in Sources */ = {isa = PBXBuildFile; fileRef = E260CDE04FE99F118D26E03E /* ReaderWindowController.swift */; };
		F0235C41374268C070190AF3 /* calibre_fixture_data.sql in Resources */ = {isa = PBXBuildFile; fileRef = EB46547F0B0CEB082CB74EB9 /* calibre_fixture_data.sql */; };
		F0D486337BD1CA09ADCA138E /* AO3MetadataExtractorTests.swift in Sources */ = {isa = PBXBuildFile; fileRef = B547B85ED0CF70EB9F72BD3E /* AO3MetadataExtractorTests.swift */; };
		F15129C30028966A9990922E /* ActivityFeedView.swift in Sources */ = {isa = PBXBuildFile; fileRef = D9CEAC89B61ED72F3667E59F /* ActivityFeedView.swift */; };
		F2C750D72AF24C686ECE6A53 /* RSSPublishView.swift in Sources */ = {isa = PBXBuildFile; fileRef = 87FD7F0B0D512B010D90DA55 /* RSSPublishView.swift */; };
		FE6AB1F090025CA70A3AD068 /* MatchingSubqueryBuilderTests.swift in Sources */ = {isa = PBXBuildFile; fileRef = 1BF39FB2BA7B3BC873123871 /* MatchingSubqueryBuilderTests.swift */; };
/* End PBXBuildFile section */

/* Begin PBXContainerItemProxy section */
		E74049037F2EE4C7D0084B2C /* PBXContainerItemProxy */ = {
			isa = PBXContainerItemProxy;
			containerPortal = 7E56A0D8F57C38FEEC4FD964 /* Project object */;
			proxyType = 1;
			remoteGlobalIDString = 98C399B525759FF92C890D53;
			remoteInfo = Ambrosia;
		};
/* End PBXContainerItemProxy section */

/* Begin PBXFileReference section */
		005021FDE49E54B59A17E61E /* CustomColumnConfig.swift */ = {isa = PBXFileReference; lastKnownFileType = sourcecode.swift; path = CustomColumnConfig.swift; sourceTree = "<group>"; };
		02E9C162B42B8E11DD289DE2 /* AnnotationExportManagerTests.swift */ = {isa = PBXFileReference; lastKnownFileType = sourcecode.swift; path = AnnotationExportManagerTests.swift; sourceTree = "<group>"; };
		05580F2DED73F5B3BBC177EC /* LibraryQueryHelpersTests.swift */ = {isa = PBXFileReference; lastKnownFileType = sourcecode.swift; path = LibraryQueryHelpersTests.swift; sourceTree = "<group>"; };
		060BF9352739D33CF84CCD35 /* ExtractionProgressTests.swift */ = {isa = PBXFileReference; lastKnownFileType = sourcecode.swift; path = ExtractionProgressTests.swift; sourceTree = "<group>"; };
		0989BD59F5F271E0220D8E57 /* AO3FilterPopupState.swift */ = {isa = PBXFileReference; lastKnownFileType = sourcecode.swift; path = AO3FilterPopupState.swift; sourceTree = "<group>"; };
		0ED83928408A6AD3A3407283 /* FilterValueTextField.swift */ = {isa = PBXFileReference; lastKnownFileType = sourcecode.swift; path = FilterValueTextField.swift; sourceTree = "<group>"; };
		164A825B58B5CE9C8FE2C059 /* DebounceTimer.swift */ = {isa = PBXFileReference; lastKnownFileType = sourcecode.swift; path = DebounceTimer.swift; sourceTree = "<group>"; };
		16A704F489DD9D26D38E31FA /* FontPanelCoordinator.swift */ = {isa = PBXFileReference; lastKnownFileType = sourcecode.swift; path = FontPanelCoordinator.swift; sourceTree = "<group>"; };
		17179E3D13718C6440415E61 /* CollectionActivityEntry.swift */ = {isa = PBXFileReference; lastKnownFileType = sourcecode.swift; path = CollectionActivityEntry.swift; sourceTree = "<group>"; };
		1851E8A9A462364B1A7EFE3B /* CollectionsView.swift */ = {isa = PBXFileReference; lastKnownFileType = sourcecode.swift; path = CollectionsView.swift; sourceTree = "<group>"; };
		18F445357C8EDAA3A52DEBBD /* BookState.swift */ = {isa = PBXFileReference; lastKnownFileType = sourcecode.swift; path = BookState.swift; sourceTree = "<group>"; };
		1BF39FB2BA7B3BC873123871 /* MatchingSubqueryBuilderTests.swift */ = {isa = PBXFileReference; lastKnownFileType = sourcecode.swift; path = MatchingSubqueryBuilderTests.swift; sourceTree = "<group>"; };
		1D149E6DEA5BB1619656D09A /* ReadingGoalView.swift */ = {isa = PBXFileReference; lastKnownFileType = sourcecode.swift; path = ReadingGoalView.swift; sourceTree = "<group>"; };
		2196294396CDD4B3E8829E06 /* CustomColumnConfigTests.swift */ = {isa = PBXFileReference; lastKnownFileType = sourcecode.swift; path = CustomColumnConfigTests.swift; sourceTree = "<group>"; };
		2220A03B834CCA50084099DD /* EmailReaderSidebarView.swift */ = {isa = PBXFileReference; lastKnownFileType = sourcecode.swift; path = EmailReaderSidebarView.swift; sourceTree = "<group>"; };
		22AD1DDDBBFC666B881E0174 /* AppDelegate.swift */ = {isa = PBXFileReference; lastKnownFileType = sourcecode.swift; path = AppDelegate.swift; sourceTree = "<group>"; };
		232C4C8E9F239EC2CDB0255A /* HighlightBridge.swift */ = {isa = PBXFileReference; lastKnownFileType = sourcecode.swift; path = HighlightBridge.swift; sourceTree = "<group>"; };
		23A11623A008F08574D57D89 /* ContextMenuPreferences.swift */ = {isa = PBXFileReference; lastKnownFileType = sourcecode.swift; path = ContextMenuPreferences.swift; sourceTree = "<group>"; };
		23A2DD51521BB8F297B3170F /* TransferDatabaseBuilder.swift */ = {isa = PBXFileReference; lastKnownFileType = sourcecode.swift; path = TransferDatabaseBuilder.swift; sourceTree = "<group>"; };
		23BC6F8D182C13189B6CC576 /* AmbrosiaApp.swift */ = {isa = PBXFileReference; lastKnownFileType = sourcecode.swift; path = AmbrosiaApp.swift; sourceTree = "<group>"; };
		267D03B993EF380F591D7DE7 /* LibraryRootView.swift */ = {isa = PBXFileReference; lastKnownFileType = sourcecode.swift; path = LibraryRootView.swift; sourceTree = "<group>"; };
		2820FE28031DF3E0479DB615 /* LibrarySession.swift */ = {isa = PBXFileReference; lastKnownFileType = sourcecode.swift; path = LibrarySession.swift; sourceTree = "<group>"; };
		297CD455A315792CBB99DA9C /* EPUBImageReferenceRewriteTests.swift */ = {isa = PBXFileReference; lastKnownFileType = sourcecode.swift; path = EPUBImageReferenceRewriteTests.swift; sourceTree = "<group>"; };
		29E9191C79107F9B6884A4E6 /* ErrorLogTests.swift */ = {isa = PBXFileReference; lastKnownFileType = sourcecode.swift; path = ErrorLogTests.swift; sourceTree = "<group>"; };
		2D25627386848651795803BB /* AO3TagSeedDatabaseConfigInstanceTests.swift */ = {isa = PBXFileReference; lastKnownFileType = sourcecode.swift; path = AO3TagSeedDatabaseConfigInstanceTests.swift; sourceTree = "<group>"; };
		2D8E430B04E11AE127C82874 /* GzipEncoder.swift */ = {isa = PBXFileReference; lastKnownFileType = sourcecode.swift; path = GzipEncoder.swift; sourceTree = "<group>"; };
		2F0417997F6CCF927992E184 /* ReadingGoal.swift */ = {isa = PBXFileReference; lastKnownFileType = sourcecode.swift; path = ReadingGoal.swift; sourceTree = "<group>"; };
		30C556FD988CBFDDE3513A87 /* EmailLibraryViewController.swift */ = {isa = PBXFileReference; lastKnownFileType = sourcecode.swift; path = EmailLibraryViewController.swift; sourceTree = "<group>"; };
		3744C64238005CD7B759CE8D /* PagingOffsetStateNavigationIntentTests.swift */ = {isa = PBXFileReference; lastKnownFileType = sourcecode.swift; path = PagingOffsetStateNavigationIntentTests.swift; sourceTree = "<group>"; };
		37C670BFD64C0E048E2B58F7 /* ReaderViewController.swift */ = {isa = PBXFileReference; lastKnownFileType = sourcecode.swift; path = ReaderViewController.swift; sourceTree = "<group>"; };
		3A386EAFF4953DDB93B84FCE /* LibraryViewController.swift */ = {isa = PBXFileReference; lastKnownFileType = sourcecode.swift; path = LibraryViewController.swift; sourceTree = "<group>"; };
		3A695EC2667EAB6CBCFECCE3 /* ao3_tag_seed_fixture_data.sql */ = {isa = PBXFileReference; path = ao3_tag_seed_fixture_data.sql; sourceTree = "<group>"; };
		3D4AD80423CE4D0A54801E33 /* KeyBinding.swift */ = {isa = PBXFileReference; lastKnownFileType = sourcecode.swift; path = KeyBinding.swift; sourceTree = "<group>"; };
		473376E675A72C71257038BE /* SearchQueryParserTests.swift */ = {isa = PBXFileReference; lastKnownFileType = sourcecode.swift; path = SearchQueryParserTests.swift; sourceTree = "<group>"; };
		49DFDAF403C89C5C5EC1F025 /* PaginationEngine.swift */ = {isa = PBXFileReference; lastKnownFileType = sourcecode.swift; path = PaginationEngine.swift; sourceTree = "<group>"; };
		49EE8EF4BEE6DB8E21000B1F /* CalibreLibrarySearch.swift */ = {isa = PBXFileReference; lastKnownFileType = sourcecode.swift; path = CalibreLibrarySearch.swift; sourceTree = "<group>"; };
		4C65D444031795EA86E99013 /* LRUCacheTests.swift */ = {isa = PBXFileReference; lastKnownFileType = sourcecode.swift; path = LRUCacheTests.swift; sourceTree = "<group>"; };
		53CF0A2DF39E8B2941FF1974 /* SearchQueryParser.swift */ = {isa = PBXFileReference; lastKnownFileType = sourcecode.swift; path = SearchQueryParser.swift; sourceTree = "<group>"; };
		573930B5F4069D5EEBD96349 /* SystemCollectionID.swift */ = {isa = PBXFileReference; lastKnownFileType = sourcecode.swift; path = SystemCollectionID.swift; sourceTree = "<group>"; };
		5B3AC9E1DAE150646A4E9FCA /* ErrorLogEntry.swift */ = {isa = PBXFileReference; lastKnownFileType = sourcecode.swift; path = ErrorLogEntry.swift; sourceTree = "<group>"; };
		5B69076AFF297065B7DA9FEF /* SearchActivityLog.swift */ = {isa = PBXFileReference; lastKnownFileType = sourcecode.swift; path = SearchActivityLog.swift; sourceTree = "<group>"; };
		5BA09FFBFFB73538BC4C7016 /* EmailSidebarViewController.swift */ = {isa = PBXFileReference; lastKnownFileType = sourcecode.swift; path = EmailSidebarViewController.swift; sourceTree = "<group>"; };
		5CABBED97875AF5ADA548A25 /* SeriesMatchExpansion.swift */ = {isa = PBXFileReference; lastKnownFileType = sourcecode.swift; path = SeriesMatchExpansion.swift; sourceTree = "<group>"; };
		5E13595C5EFD2315BFCFCB1D /* CalibreBook.swift */ = {isa = PBXFileReference; lastKnownFileType = sourcecode.swift; path = CalibreBook.swift; sourceTree = "<group>"; };
		5F2889332CA217963BD76B2A /* LibraryVisibilityPolicy.swift */ = {isa = PBXFileReference; lastKnownFileType = sourcecode.swift; path = LibraryVisibilityPolicy.swift; sourceTree = "<group>"; };
		5FAC3547928061ABF4E262F0 /* AmbrosiaTests.xctest */ = {isa = PBXFileReference; explicitFileType = wrapper.cfbundle; includeInIndex = 0; path = AmbrosiaTests.xctest; sourceTree = BUILT_PRODUCTS_DIR; };
		61A626C7F3F6932E3816D957 /* Ambrosia.app */ = {isa = PBXFileReference; explicitFileType = wrapper.application; includeInIndex = 0; path = Ambrosia.app; sourceTree = BUILT_PRODUCTS_DIR; };
		67284D645BC048434AFE8FC8 /* AnnotationExportManager.swift */ = {isa = PBXFileReference; lastKnownFileType = sourcecode.swift; path = AnnotationExportManager.swift; sourceTree = "<group>"; };
		69AB269251BF5E77491AE088 /* GzipEncoderTests.swift */ = {isa = PBXFileReference; lastKnownFileType = sourcecode.swift; path = GzipEncoderTests.swift; sourceTree = "<group>"; };
		6B387CEFFD9799E907F89A96 /* EPUBParser+XMLDelegates.swift */ = {isa = PBXFileReference; lastKnownFileType = sourcecode.swift; path = "EPUBParser+XMLDelegates.swift"; sourceTree = "<group>"; };
		6DE3F28B435A2244FD26ECDF /* EmailDetailView.swift */ = {isa = PBXFileReference; lastKnownFileType = sourcecode.swift; path = EmailDetailView.swift; sourceTree = "<group>"; };
		6DE9A10BCDFA475F25FC8A93 /* KeyBindingValidationTests.swift */ = {isa = PBXFileReference; lastKnownFileType = sourcecode.swift; path = KeyBindingValidationTests.swift; sourceTree = "<group>"; };
		72C536C67C2986C3CBDC65A2 /* LocalFeedServer.swift */ = {isa = PBXFileReference; lastKnownFileType = sourcecode.swift; path = LocalFeedServer.swift; sourceTree = "<group>"; };
		736EE78F069E238B50DAA3E3 /* EPUBParser.swift */ = {isa = PBXFileReference; lastKnownFileType = sourcecode.swift; path = EPUBParser.swift; sourceTree = "<group>"; };
		7766D4ED2F571A469DD71987 /* BaseStyles.css */ = {isa = PBXFileReference; lastKnownFileType = text.css; path = BaseStyles.css; sourceTree = "<group>"; };
		7B4823CCE23E930A0E5A58FC /* FlowLayout.swift */ = {isa = PBXFileReference; lastKnownFileType = sourcecode.swift; path = FlowLayout.swift; sourceTree = "<group>"; };
		7C75213D8EFD1B285FD27871 /* AO3FacetField.swift */ = {isa = PBXFileReference; lastKnownFileType = sourcecode.swift; path = AO3FacetField.swift; sourceTree = "<group>"; };
		7EDABCC481D32CB15917A97B /* LibraryIndexManagerTests.swift */ = {isa = PBXFileReference; lastKnownFileType = sourcecode.swift; path = LibraryIndexManagerTests.swift; sourceTree = "<group>"; };
		8740A2668A8FB215557CDE9F /* SeriesMatchExpansionTests.swift */ = {isa = PBXFileReference; lastKnownFileType = sourcecode.swift; path = SeriesMatchExpansionTests.swift; sourceTree = "<group>"; };
		87FD7F0B0D512B010D90DA55 /* RSSPublishView.swift */ = {isa = PBXFileReference; lastKnownFileType = sourcecode.swift; path = RSSPublishView.swift; sourceTree = "<group>"; };
		8827B50D36C943F8372AAC70 /* PreferencesWindowController.swift */ = {isa = PBXFileReference; lastKnownFileType = sourcecode.swift; path = PreferencesWindowController.swift; sourceTree = "<group>"; };
		8AD9970C2361B2D12F1D6DE9 /* BookListRow.swift */ = {isa = PBXFileReference; lastKnownFileType = sourcecode.swift; path = BookListRow.swift; sourceTree = "<group>"; };
		8B138D1DB34466F96DD4F131 /* TagExpansionResolverTests.swift */ = {isa = PBXFileReference; lastKnownFileType = sourcecode.swift; path = TagExpansionResolverTests.swift; sourceTree = "<group>"; };
		8F53BD64D951290BA376D108 /* EPUBParser+ImagesAndTOC.swift */ = {isa = PBXFileReference; lastKnownFileType = sourcecode.swift; path = "EPUBParser+ImagesAndTOC.swift"; sourceTree = "<group>"; };
		912135D585D5A944C064538D /* LibraryQueryHelpers.swift */ = {isa = PBXFileReference; lastKnownFileType = sourcecode.swift; path = LibraryQueryHelpers.swift; sourceTree = "<group>"; };
		924FF25A20F2B23710B28DCB /* CollectionStoreTests.swift */ = {isa = PBXFileReference; lastKnownFileType = sourcecode.swift; path = CollectionStoreTests.swift; sourceTree = "<group>"; };
		9AE5CA724E44F96707B377AF /* Ambrosia.entitlements */ = {isa = PBXFileReference; lastKnownFileType = text.plist.entitlements; path = Ambrosia.entitlements; sourceTree = "<group>"; };
		9B2FC918E937503366D40BEF /* AO3MetadataExtractorAuthorsTests.swift */ = {isa = PBXFileReference; lastKnownFileType = sourcecode.swift; path = AO3MetadataExtractorAuthorsTests.swift; sourceTree = "<group>"; };
		9BA6F05068C80E0DC5890F35 /* AO3MetadataExtractor+Authors.swift */ = {isa = PBXFileReference; lastKnownFileType = sourcecode.swift; path = "AO3MetadataExtractor+Authors.swift"; sourceTree = "<group>"; };
		A321CD999E78A3B36DA89380 /* LibraryFilterDebugSummaryTests.swift */ = {isa = PBXFileReference; lastKnownFileType = sourcecode.swift; path = LibraryFilterDebugSummaryTests.swift; sourceTree = "<group>"; };
		A548D3B87254961811265601 /* AmbrosiaMetaDBMigrationTests.swift */ = {isa = PBXFileReference; lastKnownFileType = sourcecode.swift; path = AmbrosiaMetaDBMigrationTests.swift; sourceTree = "<group>"; };
		A82098B82233278A48240849 /* LibraryToolbarState.swift */ = {isa = PBXFileReference; lastKnownFileType = sourcecode.swift; path = LibraryToolbarState.swift; sourceTree = "<group>"; };
		AA67F39689A9DF7BA33898FB /* LibraryRegistry.swift */ = {isa = PBXFileReference; lastKnownFileType = sourcecode.swift; path = LibraryRegistry.swift; sourceTree = "<group>"; };
		AD7CB1D59702C3A538224D77 /* AO3FilterFacetController.swift */ = {isa = PBXFileReference; lastKnownFileType = sourcecode.swift; path = AO3FilterFacetController.swift; sourceTree = "<group>"; };
		AEA836E9B58CC9CF0F837BC0 /* ExportManager.swift */ = {isa = PBXFileReference; lastKnownFileType = sourcecode.swift; path = ExportManager.swift; sourceTree = "<group>"; };
		B10814B697794E09EB08DFC9 /* FilterRule.swift */ = {isa = PBXFileReference; lastKnownFileType = sourcecode.swift; path = FilterRule.swift; sourceTree = "<group>"; };
		B18D6D9798DFB6E5609499DB /* LibraryQueryController.swift */ = {isa = PBXFileReference; lastKnownFileType = sourcecode.swift; path = LibraryQueryController.swift; sourceTree = "<group>"; };
		B3A1F7569E2B2BE6AA95D31C /* AnnotationPopover.swift */ = {isa = PBXFileReference; lastKnownFileType = sourcecode.swift; path = AnnotationPopover.swift; sourceTree = "<group>"; };
		B547B85ED0CF70EB9F72BD3E /* AO3MetadataExtractorTests.swift */ = {isa = PBXFileReference; lastKnownFileType = sourcecode.swift; path = AO3MetadataExtractorTests.swift; sourceTree = "<group>"; };
		B5503A33168ED0175CD23C34 /* DuplicateBookDetector.swift */ = {isa = PBXFileReference; lastKnownFileType = sourcecode.swift; path = DuplicateBookDetector.swift; sourceTree = "<group>"; };
		B6E360C8271967C0918EEEE7 /* LibraryVisibilityPolicyTests.swift */ = {isa = PBXFileReference; lastKnownFileType = sourcecode.swift; path = LibraryVisibilityPolicyTests.swift; sourceTree = "<group>"; };
		B89111306BC1656ADD2BBDB2 /* AO3MetadataExtractor.swift */ = {isa = PBXFileReference; lastKnownFileType = sourcecode.swift; path = AO3MetadataExtractor.swift; sourceTree = "<group>"; };
		BBADAD13FC0919F80C76CE1E /* HTMLStripperTests.swift */ = {isa = PBXFileReference; lastKnownFileType = sourcecode.swift; path = HTMLStripperTests.swift; sourceTree = "<group>"; };
		BC4127C048C740C4D67ABA73 /* DuplicateBookDetectorTests.swift */ = {isa = PBXFileReference; lastKnownFileType = sourcecode.swift; path = DuplicateBookDetectorTests.swift; sourceTree = "<group>"; };
		BC62015CF53BD65A58E9B2D2 /* calibre_fixture_schema.sql */ = {isa = PBXFileReference; path = calibre_fixture_schema.sql; sourceTree = "<group>"; };
		BD9B92CC1C37EA7212428E62 /* AO3TagSeedDatabaseConfigValidationTests.swift */ = {isa = PBXFileReference; lastKnownFileType = sourcecode.swift; path = AO3TagSeedDatabaseConfigValidationTests.swift; sourceTree = "<group>"; };
		BDB14730ACF8294BFAEBCE40 /* AO3FilterPopupView.swift */ = {isa = PBXFileReference; lastKnownFileType = sourcecode.swift; path = AO3FilterPopupView.swift; sourceTree = "<group>"; };
		C244417263C8E0E666D4C0A7 /* AmbrosiaMetaDB.swift */ = {isa = PBXFileReference; lastKnownFileType = sourcecode.swift; path = AmbrosiaMetaDB.swift; sourceTree = "<group>"; };
		C5B4F22F1D6210A094B9F282 /* LibraryWindowController.swift */ = {isa = PBXFileReference; lastKnownFileType = sourcecode.swift; path = LibraryWindowController.swift; sourceTree = "<group>"; };
		C71F6C9B73896A8C3FA38965 /* SeriesHelpersTests.swift */ = {isa = PBXFileReference; lastKnownFileType = sourcecode.swift; path = SeriesHelpersTests.swift; sourceTree = "<group>"; };
		C81404DE1253E5CBCFE8EB4C /* ActivityFeed.swift */ = {isa = PBXFileReference; lastKnownFileType = sourcecode.swift; path = ActivityFeed.swift; sourceTree = "<group>"; };
		C93A7D6EB654A54A2B397977 /* DebounceTimerTests.swift */ = {isa = PBXFileReference; lastKnownFileType = sourcecode.swift; path = DebounceTimerTests.swift; sourceTree = "<group>"; };
		CBE86D639BA1DBB12A425E04 /* TOCSidebarView.swift */ = {isa = PBXFileReference; lastKnownFileType = sourcecode.swift; path = TOCSidebarView.swift; sourceTree = "<group>"; };
		CC029CA5577F674D27ECB44D /* SeriesGroupBuilder.swift */ = {isa = PBXFileReference; lastKnownFileType = sourcecode.swift; path = SeriesGroupBuilder.swift; sourceTree = "<group>"; };
		CE88E86CA96F48C382A226D8 /* AO3RatingHighestTests.swift */ = {isa = PBXFileReference; lastKnownFileType = sourcecode.swift; path = AO3RatingHighestTests.swift; sourceTree = "<group>"; };
		D07BA48DB14D1025D2B03AFB /* AO3Metadata.swift */ = {isa = PBXFileReference; lastKnownFileType = sourcecode.swift; path = AO3Metadata.swift; sourceTree = "<group>"; };
		D17FAFFBD687BF49845D8118 /* FilterBuilder.swift */ = {isa = PBXFileReference; lastKnownFileType = sourcecode.swift; path = FilterBuilder.swift; sourceTree = "<group>"; };
		D35DB2C089183A112B833323 /* AnnotationSidebarView.swift */ = {isa = PBXFileReference; lastKnownFileType = sourcecode.swift; path = AnnotationSidebarView.swift; sourceTree = "<group>"; };
		D422ACDE40ABC4D7FBCC2F9E /* FilterDrawerView.swift */ = {isa = PBXFileReference; lastKnownFileType = sourcecode.swift; path = FilterDrawerView.swift; sourceTree = "<group>"; };
		D5259C27075B2E94DE827911 /* Assets.xcassets */ = {isa = PBXFileReference; lastKnownFileType = folder.assetcatalog; path = Assets.xcassets; sourceTree = "<group>"; };
		D5F148E07A324C6A679B6B53 /* SeriesSpineMap.swift */ = {isa = PBXFileReference; lastKnownFileType = sourcecode.swift; path = SeriesSpineMap.swift; sourceTree = "<group>"; };
		D61F8DA58119208BD69205D0 /* TagExpansionResolver.swift */ = {isa = PBXFileReference; lastKnownFileType = sourcecode.swift; path = TagExpansionResolver.swift; sourceTree = "<group>"; };
		D994F254FB5CDE8D644C5194 /* AO3FilterPopupWindowController.swift */ = {isa = PBXFileReference; lastKnownFileType = sourcecode.swift; path = AO3FilterPopupWindowController.swift; sourceTree = "<group>"; };
		D9CEAC89B61ED72F3667E59F /* ActivityFeedView.swift */ = {isa = PBXFileReference; lastKnownFileType = sourcecode.swift; path = ActivityFeedView.swift; sourceTree = "<group>"; };
		DB51239D463D53ED3050335F /* ReaderPreferences.swift */ = {isa = PBXFileReference; lastKnownFileType = sourcecode.swift; path = ReaderPreferences.swift; sourceTree = "<group>"; };
		DEC2BCBAB97B36F5D1067F3F /* ErrorLogView.swift */ = {isa = PBXFileReference; lastKnownFileType = sourcecode.swift; path = ErrorLogView.swift; sourceTree = "<group>"; };
		E1627DFE9CB214F9EBCE1B2F /* ExtractionProgress.swift */ = {isa = PBXFileReference; lastKnownFileType = sourcecode.swift; path = ExtractionProgress.swift; sourceTree = "<group>"; };
		E260CDE04FE99F118D26E03E /* ReaderWindowController.swift */ = {isa = PBXFileReference; lastKnownFileType = sourcecode.swift; path = ReaderWindowController.swift; sourceTree = "<group>"; };
		E272758D7A318ABED02680B8 /* SeriesListRow.swift */ = {isa = PBXFileReference; lastKnownFileType = sourcecode.swift; path = SeriesListRow.swift; sourceTree = "<group>"; };
		E5CC6FB260434AEF7C65C5A1 /* HTMLStripper.swift */ = {isa = PBXFileReference; lastKnownFileType = sourcecode.swift; path = HTMLStripper.swift; sourceTree = "<group>"; };
		E641C8C7B9C3A83F6CC6BAC8 /* EPUBParser+Rendering.swift */ = {isa = PBXFileReference; lastKnownFileType = sourcecode.swift; path = "EPUBParser+Rendering.swift"; sourceTree = "<group>"; };
		E7BED9792C762B17776185BF /* CalibreLibrarySearchTests.swift */ = {isa = PBXFileReference; lastKnownFileType = sourcecode.swift; path = CalibreLibrarySearchTests.swift; sourceTree = "<group>"; };
		E911E7C649C7E31620D365C7 /* SearchSuggestionsView.swift */ = {isa = PBXFileReference; lastKnownFileType = sourcecode.swift; path = SearchSuggestionsView.swift; sourceTree = "<group>"; };
		E998CFA5A2BA01A8789134A9 /* CacheTypes.swift */ = {isa = PBXFileReference; lastKnownFileType = sourcecode.swift; path = CacheTypes.swift; sourceTree = "<group>"; };
		EAC76C5100C10622DB76497F /* CollectionStore.swift */ = {isa = PBXFileReference; lastKnownFileType = sourcecode.swift; path = CollectionStore.swift; sourceTree = "<group>"; };
		EB46547F0B0CEB082CB74EB9 /* calibre_fixture_data.sql */ = {isa = PBXFileReference; path = calibre_fixture_data.sql; sourceTree = "<group>"; };
		ECED38594084DF9B35529CEE /* AO3TagSeedDatabaseConfig.swift */ = {isa = PBXFileReference; lastKnownFileType = sourcecode.swift; path = AO3TagSeedDatabaseConfig.swift; sourceTree = "<group>"; };
		ED53722DF1A39053746674CE /* LocalFeedServerWalkCacheTests.swift */ = {isa = PBXFileReference; lastKnownFileType = sourcecode.swift; path = LocalFeedServerWalkCacheTests.swift; sourceTree = "<group>"; };
		ED59A2EE15CB5A553FEFF9EC /* ao3_tag_seed_fixture_schema.sql */ = {isa = PBXFileReference; path = ao3_tag_seed_fixture_schema.sql; sourceTree = "<group>"; };
		EED639AD9D4F47D6C30ADED3 /* PaginationJS.swift */ = {isa = PBXFileReference; lastKnownFileType = sourcecode.swift; path = PaginationJS.swift; sourceTree = "<group>"; };
		EF92A71D244B48D148812F85 /* FindBarView.swift */ = {isa = PBXFileReference; lastKnownFileType = sourcecode.swift; path = FindBarView.swift; sourceTree = "<group>"; };
		F0004963E771097A5F65F5BA /* CalibreTestFixture.swift */ = {isa = PBXFileReference; lastKnownFileType = sourcecode.swift; path = CalibreTestFixture.swift; sourceTree = "<group>"; };
		F5A66E991A68B82A428554C2 /* LibraryIndexManager.swift */ = {isa = PBXFileReference; lastKnownFileType = sourcecode.swift; path = LibraryIndexManager.swift; sourceTree = "<group>"; };
		F767F421D1E0C20B9862E1C3 /* SeriesGroupBuilderTests.swift */ = {isa = PBXFileReference; lastKnownFileType = sourcecode.swift; path = SeriesGroupBuilderTests.swift; sourceTree = "<group>"; };
		F7C8531FE1BBAC1A96844748 /* CalibreLibrary.swift */ = {isa = PBXFileReference; lastKnownFileType = sourcecode.swift; path = CalibreLibrary.swift; sourceTree = "<group>"; };
		FB07DABD38E1C0F473C70032 /* CollectionAssignment.swift */ = {isa = PBXFileReference; lastKnownFileType = sourcecode.swift; path = CollectionAssignment.swift; sourceTree = "<group>"; };
		FC2F7C1CD3BEC0713173046B /* SeriesSpineMapTests.swift */ = {isa = PBXFileReference; lastKnownFileType = sourcecode.swift; path = SeriesSpineMapTests.swift; sourceTree = "<group>"; };
		FEB9EB8E6F0970FCE0A12B2D /* CalibreFTSLibrary.swift */ = {isa = PBXFileReference; lastKnownFileType = sourcecode.swift; path = CalibreFTSLibrary.swift; sourceTree = "<group>"; };
/* End PBXFileReference section */

/* Begin PBXFrameworksBuildPhase section */
		223CF8EB106BD02A343F502A /* Frameworks */ = {
			isa = PBXFrameworksBuildPhase;
			buildActionMask = 2147483647;
			files = (
				211E12AFF6C9D3F5724D1214 /* SQLite in Frameworks */,
			);
			runOnlyForDeploymentPostprocessing = 0;
		};
		86FEA4D838E30E0FD333100F /* Frameworks */ = {
			isa = PBXFrameworksBuildPhase;
			buildActionMask = 2147483647;
			files = (
				03B6D677E9457AC604D24C65 /* SQLite in Frameworks */,
				3F341E2EC038123CBF080F6B /* ZIPFoundation in Frameworks */,
				5740B8B8515BF46AB8899E32 /* SwiftSoup in Frameworks */,
				89F0A1F715C7F298A66F49CF /* FlyingFox in Frameworks */,
				4F3D89A168CBB82D2105DF4B /* FlyingSocks in Frameworks */,
			);
			runOnlyForDeploymentPostprocessing = 0;
		};
/* End PBXFrameworksBuildPhase section */

/* Begin PBXGroup section */
		01529124BA392FCA47E27A10 = {
			isa = PBXGroup;
			children = (
				CC4BC8DB7C034AC24A3B4AAD /* Ambrosia */,
				07E823ADC06237F8A52A3FE6 /* AmbrosiaTests */,
				D1AFDC388B8165EC3326BC5F /* Products */,
			);
			sourceTree = "<group>";
		};
		06E8323D25D95A4D96A6A12F /* LibraryUI */ = {
			isa = PBXGroup;
			children = (
				C81404DE1253E5CBCFE8EB4C /* ActivityFeed.swift */,
				D9CEAC89B61ED72F3667E59F /* ActivityFeedView.swift */,
				8AD9970C2361B2D12F1D6DE9 /* BookListRow.swift */,
				1851E8A9A462364B1A7EFE3B /* CollectionsView.swift */,
				DEC2BCBAB97B36F5D1067F3F /* ErrorLogView.swift */,
				7B4823CCE23E930A0E5A58FC /* FlowLayout.swift */,
				267D03B993EF380F591D7DE7 /* LibraryRootView.swift */,
				A82098B82233278A48240849 /* LibraryToolbarState.swift */,
				3A386EAFF4953DDB93B84FCE /* LibraryViewController.swift */,
				C5B4F22F1D6210A094B9F282 /* LibraryWindowController.swift */,
				1D149E6DEA5BB1619656D09A /* ReadingGoalView.swift */,
				87FD7F0B0D512B010D90DA55 /* RSSPublishView.swift */,
				5B69076AFF297065B7DA9FEF /* SearchActivityLog.swift */,
				E911E7C649C7E31620D365C7 /* SearchSuggestionsView.swift */,
				CC029CA5577F674D27ECB44D /* SeriesGroupBuilder.swift */,
				E272758D7A318ABED02680B8 /* SeriesListRow.swift */,
				857B9009545A9F0D65507930 /* Email */,
				94FD6B62AABCB81B28FB1538 /* FilterDrawer */,
				E4E447277BE9D1B1D457F41B /* FilterPopup */,
			);
			path = LibraryUI;
			sourceTree = "<group>";
		};
		07E823ADC06237F8A52A3FE6 /* AmbrosiaTests */ = {
			isa = PBXGroup;
			children = (
				A548D3B87254961811265601 /* AmbrosiaMetaDBMigrationTests.swift */,
				02E9C162B42B8E11DD289DE2 /* AnnotationExportManagerTests.swift */,
				3A695EC2667EAB6CBCFECCE3 /* ao3_tag_seed_fixture_data.sql */,
				ED59A2EE15CB5A553FEFF9EC /* ao3_tag_seed_fixture_schema.sql */,
				9B2FC918E937503366D40BEF /* AO3MetadataExtractorAuthorsTests.swift */,
				B547B85ED0CF70EB9F72BD3E /* AO3MetadataExtractorTests.swift */,
				CE88E86CA96F48C382A226D8 /* AO3RatingHighestTests.swift */,
				2D25627386848651795803BB /* AO3TagSeedDatabaseConfigInstanceTests.swift */,
				BD9B92CC1C37EA7212428E62 /* AO3TagSeedDatabaseConfigValidationTests.swift */,
				EB46547F0B0CEB082CB74EB9 /* calibre_fixture_data.sql */,
				BC62015CF53BD65A58E9B2D2 /* calibre_fixture_schema.sql */,
				E7BED9792C762B17776185BF /* CalibreLibrarySearchTests.swift */,
				F0004963E771097A5F65F5BA /* CalibreTestFixture.swift */,
				924FF25A20F2B23710B28DCB /* CollectionStoreTests.swift */,
				2196294396CDD4B3E8829E06 /* CustomColumnConfigTests.swift */,
				C93A7D6EB654A54A2B397977 /* DebounceTimerTests.swift */,
				BC4127C048C740C4D67ABA73 /* DuplicateBookDetectorTests.swift */,
				297CD455A315792CBB99DA9C /* EPUBImageReferenceRewriteTests.swift */,
				29E9191C79107F9B6884A4E6 /* ErrorLogTests.swift */,
				060BF9352739D33CF84CCD35 /* ExtractionProgressTests.swift */,
				69AB269251BF5E77491AE088 /* GzipEncoderTests.swift */,
				BBADAD13FC0919F80C76CE1E /* HTMLStripperTests.swift */,
				6DE9A10BCDFA475F25FC8A93 /* KeyBindingValidationTests.swift */,
				A321CD999E78A3B36DA89380 /* LibraryFilterDebugSummaryTests.swift */,
				7EDABCC481D32CB15917A97B /* LibraryIndexManagerTests.swift */,
				05580F2DED73F5B3BBC177EC /* LibraryQueryHelpersTests.swift */,
				B6E360C8271967C0918EEEE7 /* LibraryVisibilityPolicyTests.swift */,
				ED53722DF1A39053746674CE /* LocalFeedServerWalkCacheTests.swift */,
				4C65D444031795EA86E99013 /* LRUCacheTests.swift */,
				1BF39FB2BA7B3BC873123871 /* MatchingSubqueryBuilderTests.swift */,
				3744C64238005CD7B759CE8D /* PagingOffsetStateNavigationIntentTests.swift */,
				473376E675A72C71257038BE /* SearchQueryParserTests.swift */,
				F767F421D1E0C20B9862E1C3 /* SeriesGroupBuilderTests.swift */,
				C71F6C9B73896A8C3FA38965 /* SeriesHelpersTests.swift */,
				8740A2668A8FB215557CDE9F /* SeriesMatchExpansionTests.swift */,
				FC2F7C1CD3BEC0713173046B /* SeriesSpineMapTests.swift */,
				8B138D1DB34466F96DD4F131 /* TagExpansionResolverTests.swift */,
			);
			path = AmbrosiaTests;
			sourceTree = "<group>";
		};
		0C1D9A8BF7472735309C27FC /* Database */ = {
			isa = PBXGroup;
			children = (
				C244417263C8E0E666D4C0A7 /* AmbrosiaMetaDB.swift */,
				D07BA48DB14D1025D2B03AFB /* AO3Metadata.swift */,
				B89111306BC1656ADD2BBDB2 /* AO3MetadataExtractor.swift */,
				9BA6F05068C80E0DC5890F35 /* AO3MetadataExtractor+Authors.swift */,
				ECED38594084DF9B35529CEE /* AO3TagSeedDatabaseConfig.swift */,
				E998CFA5A2BA01A8789134A9 /* CacheTypes.swift */,
				FEB9EB8E6F0970FCE0A12B2D /* CalibreFTSLibrary.swift */,
				F7C8531FE1BBAC1A96844748 /* CalibreLibrary.swift */,
				49EE8EF4BEE6DB8E21000B1F /* CalibreLibrarySearch.swift */,
				EAC76C5100C10622DB76497F /* CollectionStore.swift */,
				005021FDE49E54B59A17E61E /* CustomColumnConfig.swift */,
				B5503A33168ED0175CD23C34 /* DuplicateBookDetector.swift */,
				E1627DFE9CB214F9EBCE1B2F /* ExtractionProgress.swift */,
				F5A66E991A68B82A428554C2 /* LibraryIndexManager.swift */,
				B18D6D9798DFB6E5609499DB /* LibraryQueryController.swift */,
				912135D585D5A944C064538D /* LibraryQueryHelpers.swift */,
				AA67F39689A9DF7BA33898FB /* LibraryRegistry.swift */,
				2820FE28031DF3E0479DB615 /* LibrarySession.swift */,
				5F2889332CA217963BD76B2A /* LibraryVisibilityPolicy.swift */,
				53CF0A2DF39E8B2941FF1974 /* SearchQueryParser.swift */,
				5CABBED97875AF5ADA548A25 /* SeriesMatchExpansion.swift */,
				573930B5F4069D5EEBD96349 /* SystemCollectionID.swift */,
				D61F8DA58119208BD69205D0 /* TagExpansionResolver.swift */,
				A870015886A278109AED7E32 /* Models */,
			);
			path = Database;
			sourceTree = "<group>";
		};
		28E3E6C85CD9C973B0494488 /* App */ = {
			isa = PBXGroup;
			children = (
				23BC6F8D182C13189B6CC576 /* AmbrosiaApp.swift */,
				22AD1DDDBBFC666B881E0174 /* AppDelegate.swift */,
			);
			path = App;
			sourceTree = "<group>";
		};
		689273D501A30BEDB602ADCD /* Reader */ = {
			isa = PBXGroup;
			children = (
				B3A1F7569E2B2BE6AA95D31C /* AnnotationPopover.swift */,
				D35DB2C089183A112B833323 /* AnnotationSidebarView.swift */,
				23A11623A008F08574D57D89 /* ContextMenuPreferences.swift */,
				736EE78F069E238B50DAA3E3 /* EPUBParser.swift */,
				8F53BD64D951290BA376D108 /* EPUBParser+ImagesAndTOC.swift */,
				E641C8C7B9C3A83F6CC6BAC8 /* EPUBParser+Rendering.swift */,
				6B387CEFFD9799E907F89A96 /* EPUBParser+XMLDelegates.swift */,
				EF92A71D244B48D148812F85 /* FindBarView.swift */,
				232C4C8E9F239EC2CDB0255A /* HighlightBridge.swift */,
				3D4AD80423CE4D0A54801E33 /* KeyBinding.swift */,
				49DFDAF403C89C5C5EC1F025 /* PaginationEngine.swift */,
				EED639AD9D4F47D6C30ADED3 /* PaginationJS.swift */,
				DB51239D463D53ED3050335F /* ReaderPreferences.swift */,
				37C670BFD64C0E048E2B58F7 /* ReaderViewController.swift */,
				E260CDE04FE99F118D26E03E /* ReaderWindowController.swift */,
				D5F148E07A324C6A679B6B53 /* SeriesSpineMap.swift */,
				CBE86D639BA1DBB12A425E04 /* TOCSidebarView.swift */,
			);
			path = Reader;
			sourceTree = "<group>";
		};
		6C179A2080EF86EEE2F9AC0A /* Resources */ = {
			isa = PBXGroup;
			children = (
				7766D4ED2F571A469DD71987 /* BaseStyles.css */,
			);
			path = Resources;
			sourceTree = "<group>";
		};
		857B9009545A9F0D65507930 /* Email */ = {
			isa = PBXGroup;
			children = (
				6DE3F28B435A2244FD26ECDF /* EmailDetailView.swift */,
				30C556FD988CBFDDE3513A87 /* EmailLibraryViewController.swift */,
				2220A03B834CCA50084099DD /* EmailReaderSidebarView.swift */,
				5BA09FFBFFB73538BC4C7016 /* EmailSidebarViewController.swift */,
			);
			path = Email;
			sourceTree = "<group>";
		};
		90923D2A2F96C374CFE88191 /* Utilities */ = {
			isa = PBXGroup;
			children = (
				67284D645BC048434AFE8FC8 /* AnnotationExportManager.swift */,
				FB07DABD38E1C0F473C70032 /* CollectionAssignment.swift */,
				164A825B58B5CE9C8FE2C059 /* DebounceTimer.swift */,
				AEA836E9B58CC9CF0F837BC0 /* ExportManager.swift */,
				E5CC6FB260434AEF7C65C5A1 /* HTMLStripper.swift */,
			);
			path = Utilities;
			sourceTree = "<group>";
		};
		94FD6B62AABCB81B28FB1538 /* FilterDrawer */ = {
			isa = PBXGroup;
			children = (
				D17FAFFBD687BF49845D8118 /* FilterBuilder.swift */,
				D422ACDE40ABC4D7FBCC2F9E /* FilterDrawerView.swift */,
				B10814B697794E09EB08DFC9 /* FilterRule.swift */,
				0ED83928408A6AD3A3407283 /* FilterValueTextField.swift */,
			);
			path = FilterDrawer;
			sourceTree = "<group>";
		};
		A7D5DD451220931AB235BB91 /* Networking */ = {
			isa = PBXGroup;
			children = (
				2D8E430B04E11AE127C82874 /* GzipEncoder.swift */,
				72C536C67C2986C3CBDC65A2 /* LocalFeedServer.swift */,
				23A2DD51521BB8F297B3170F /* TransferDatabaseBuilder.swift */,
			);
			path = Networking;
			sourceTree = "<group>";
		};
		A870015886A278109AED7E32 /* Models */ = {
			isa = PBXGroup;
			children = (
				18F445357C8EDAA3A52DEBBD /* BookState.swift */,
				5E13595C5EFD2315BFCFCB1D /* CalibreBook.swift */,
				17179E3D13718C6440415E61 /* CollectionActivityEntry.swift */,
				5B3AC9E1DAE150646A4E9FCA /* ErrorLogEntry.swift */,
				2F0417997F6CCF927992E184 /* ReadingGoal.swift */,
			);
			path = Models;
			sourceTree = "<group>";
		};
		CC4BC8DB7C034AC24A3B4AAD /* Ambrosia */ = {
			isa = PBXGroup;
			children = (
				9AE5CA724E44F96707B377AF /* Ambrosia.entitlements */,
				D5259C27075B2E94DE827911 /* Assets.xcassets */,
				28E3E6C85CD9C973B0494488 /* App */,
				0C1D9A8BF7472735309C27FC /* Database */,
				06E8323D25D95A4D96A6A12F /* LibraryUI */,
				A7D5DD451220931AB235BB91 /* Networking */,
				D1D27C446626EA7948C139C8 /* Preferences */,
				689273D501A30BEDB602ADCD /* Reader */,
				6C179A2080EF86EEE2F9AC0A /* Resources */,
				90923D2A2F96C374CFE88191 /* Utilities */,
			);
			path = Ambrosia;
			sourceTree = "<group>";
		};
		D1AFDC388B8165EC3326BC5F /* Products */ = {
			isa = PBXGroup;
			children = (
				61A626C7F3F6932E3816D957 /* Ambrosia.app */,
				5FAC3547928061ABF4E262F0 /* AmbrosiaTests.xctest */,
			);
			name = Products;
			sourceTree = "<group>";
		};
		D1D27C446626EA7948C139C8 /* Preferences */ = {
			isa = PBXGroup;
			children = (
				16A704F489DD9D26D38E31FA /* FontPanelCoordinator.swift */,
				8827B50D36C943F8372AAC70 /* PreferencesWindowController.swift */,
			);
			path = Preferences;
			sourceTree = "<group>";
		};
		E4E447277BE9D1B1D457F41B /* FilterPopup */ = {
			isa = PBXGroup;
			children = (
				7C75213D8EFD1B285FD27871 /* AO3FacetField.swift */,
				AD7CB1D59702C3A538224D77 /* AO3FilterFacetController.swift */,
				0989BD59F5F271E0220D8E57 /* AO3FilterPopupState.swift */,
				BDB14730ACF8294BFAEBCE40 /* AO3FilterPopupView.swift */,
				D994F254FB5CDE8D644C5194 /* AO3FilterPopupWindowController.swift */,
			);
			path = FilterPopup;
			sourceTree = "<group>";
		};
/* End PBXGroup section */

/* Begin PBXNativeTarget section */
		98C399B525759FF92C890D53 /* Ambrosia */ = {
			isa = PBXNativeTarget;
			buildConfigurationList = 3B33B13FCAF3EF260C79AE6D /* Build configuration list for PBXNativeTarget "Ambrosia" */;
			buildPhases = (
				C5F88C73F7A421295EF648C8 /* Sources */,
				411379B2A4F0893B37947357 /* Resources */,
				86FEA4D838E30E0FD333100F /* Frameworks */,
			);
			buildRules = (
			);
			dependencies = (
			);
			name = Ambrosia;
			packageProductDependencies = (
				2901C05701C21B1AA8287ED4 /* SQLite */,
				B6D579EBCC9ADE0EDB269AF4 /* ZIPFoundation */,
				6E77C7D9F1CDB2B67DD31AF2 /* SwiftSoup */,
				07F26E0BE90AFA894F99A2A0 /* FlyingFox */,
				4DB584241E689F61ECFA1D33 /* FlyingSocks */,
			);
			productName = Ambrosia;
			productReference = 61A626C7F3F6932E3816D957 /* Ambrosia.app */;
			productType = "com.apple.product-type.application";
		};
		FC9F785C6BD7AE9F91635BE2 /* AmbrosiaTests */ = {
			isa = PBXNativeTarget;
			buildConfigurationList = 4B2DE372AF7B771C4CB8B47D /* Build configuration list for PBXNativeTarget "AmbrosiaTests" */;
			buildPhases = (
				6D939F77070233EE152A24FB /* Sources */,
				E6AA43A8E3DB372B153014FD /* Resources */,
				223CF8EB106BD02A343F502A /* Frameworks */,
			);
			buildRules = (
			);
			dependencies = (
				5F30517366C8DF8CBE3BA56E /* PBXTargetDependency */,
			);
			name = AmbrosiaTests;
			packageProductDependencies = (
				7C3753A4EDE6E4FD4187703E /* SQLite */,
			);
			productName = AmbrosiaTests;
			productReference = 5FAC3547928061ABF4E262F0 /* AmbrosiaTests.xctest */;
			productType = "com.apple.product-type.bundle.unit-test";
		};
/* End PBXNativeTarget section */

/* Begin PBXProject section */
		7E56A0D8F57C38FEEC4FD964 /* Project object */ = {
			isa = PBXProject;
			attributes = {
				BuildIndependentTargetsInParallel = YES;
				LastUpgradeCheck = 1430;
				TargetAttributes = {
					98C399B525759FF92C890D53 = {
						DevelopmentTeam = S35M3D45Z9;
						ProvisioningStyle = Automatic;
					};
					FC9F785C6BD7AE9F91635BE2 = {
						ProvisioningStyle = Automatic;
					};
				};
			};
			buildConfigurationList = 1E2053FCA1ECFD73E21F443A /* Build configuration list for PBXProject "Ambrosia" */;
			developmentRegion = en;
			hasScannedForEncodings = 0;
			knownRegions = (
				Base,
				en,
			);
			mainGroup = 01529124BA392FCA47E27A10;
			minimizedProjectReferenceProxies = 1;
			packageReferences = (
				4084E54536FD4B3A3E75F692 /* XCRemoteSwiftPackageReference "FlyingFox" */,
				D01AD7EAC7B31A48B893084E /* XCRemoteSwiftPackageReference "SQLite.swift" */,
				C691008B29AFCF36E2AD8E72 /* XCRemoteSwiftPackageReference "SwiftSoup" */,
				40CAA9E506397951FF14E715 /* XCRemoteSwiftPackageReference "ZIPFoundation" */,
			);
			preferredProjectObjectVersion = 77;
			productRefGroup = D1AFDC388B8165EC3326BC5F /* Products */;
			projectDirPath = "";
			projectRoot = "";
			targets = (
				98C399B525759FF92C890D53 /* Ambrosia */,
				FC9F785C6BD7AE9F91635BE2 /* AmbrosiaTests */,
			);
		};
/* End PBXProject section */

/* Begin PBXResourcesBuildPhase section */
		411379B2A4F0893B37947357 /* Resources */ = {
			isa = PBXResourcesBuildPhase;
			buildActionMask = 2147483647;
			files = (
				52A7FABDB06928B67B937524 /* Assets.xcassets in Resources */,
				215AF321C6417A098ED50263 /* BaseStyles.css in Resources */,
			);
			runOnlyForDeploymentPostprocessing = 0;
		};
		E6AA43A8E3DB372B153014FD /* Resources */ = {
			isa = PBXResourcesBuildPhase;
			buildActionMask = 2147483647;
			files = (
				43BF7EDD0CC92B31B995103E /* ao3_tag_seed_fixture_data.sql in Resources */,
				0733445EF8892F2BB4C73ADE /* ao3_tag_seed_fixture_schema.sql in Resources */,
				F0235C41374268C070190AF3 /* calibre_fixture_data.sql in Resources */,
				D70313FBCC6FCEF786AC7510 /* calibre_fixture_schema.sql in Resources */,
			);
			runOnlyForDeploymentPostprocessing = 0;
		};
/* End PBXResourcesBuildPhase section */

/* Begin PBXSourcesBuildPhase section */
		6D939F77070233EE152A24FB /* Sources */ = {
			isa = PBXSourcesBuildPhase;
			buildActionMask = 2147483647;
			files = (
				24311F1A1CD053B5BBB5B1A9 /* AO3MetadataExtractorAuthorsTests.swift in Sources */,
				F0D486337BD1CA09ADCA138E /* AO3MetadataExtractorTests.swift in Sources */,
				8EBC0535547FE1D789AF5AEB /* AO3RatingHighestTests.swift in Sources */,
				B4057478265686D9892AA73E /* AO3TagSeedDatabaseConfigInstanceTests.swift in Sources */,
				CDBD4667C6CD26CD51600AA3 /* AO3TagSeedDatabaseConfigValidationTests.swift in Sources */,
				416DF9CFCCDAC0594FA85852 /* AmbrosiaMetaDBMigrationTests.swift in Sources */,
				835D158FC4F68BB3E66EF493 /* AnnotationExportManagerTests.swift in Sources */,
				BD0103E7F047F9D547221A0F /* CalibreLibrarySearchTests.swift in Sources */,
				7CD3F410D0560A346BADF9C8 /* CalibreTestFixture.swift in Sources */,
				872E80005951E9497316FED8 /* CollectionStoreTests.swift in Sources */,
				D47A6682162DD2A7380CB245 /* CustomColumnConfigTests.swift in Sources */,
				21E04E2D3EA285585E88FA53 /* DebounceTimerTests.swift in Sources */,
				60ED45101F91AD7575088757 /* DuplicateBookDetectorTests.swift in Sources */,
				90D62691A9BD717CE84C64A1 /* EPUBImageReferenceRewriteTests.swift in Sources */,
				C013EBCC781E2673811AD2B9 /* ErrorLogTests.swift in Sources */,
				DB22E5D2901A950AC9308369 /* ExtractionProgressTests.swift in Sources */,
				17AD4104A31B238D2511C961 /* GzipEncoderTests.swift in Sources */,
				B6069C733F7FE1839604BC6C /* HTMLStripperTests.swift in Sources */,
				63B1C9ADCE7807EC4870D302 /* KeyBindingValidationTests.swift in Sources */,
				E4093450EB9A37AEF0509C14 /* LRUCacheTests.swift in Sources */,
				4532E6AA3F01FC2AD1613CC8 /* LibraryFilterDebugSummaryTests.swift in Sources */,
				B4676C67120450C852C25325 /* LibraryIndexManagerTests.swift in Sources */,
				7BEE808473153B5C333F41DE /* LibraryQueryHelpersTests.swift in Sources */,
				7B5DD41C0A713F72A4BFB096 /* LibraryVisibilityPolicyTests.swift in Sources */,
				2DA747944D71992EBA9104CD /* LocalFeedServerWalkCacheTests.swift in Sources */,
				FE6AB1F090025CA70A3AD068 /* MatchingSubqueryBuilderTests.swift in Sources */,
				653758C1963C175A6154EFAE /* PagingOffsetStateNavigationIntentTests.swift in Sources */,
				128372098A3C10F1482B4D96 /* SearchQueryParserTests.swift in Sources */,
				4B0CED8E8D6E7A055CE64D65 /* SeriesGroupBuilderTests.swift in Sources */,
				41A648C66414EBBD7C20C4DD /* SeriesHelpersTests.swift in Sources */,
				BC28C9C4C72654AB81D8622A /* SeriesMatchExpansionTests.swift in Sources */,
				0320C7903BD2691016A6B345 /* SeriesSpineMapTests.swift in Sources */,
				616A05EDCD177C09A08F5546 /* TagExpansionResolverTests.swift in Sources */,
			);
			runOnlyForDeploymentPostprocessing = 0;
		};
		C5F88C73F7A421295EF648C8 /* Sources */ = {
			isa = PBXSourcesBuildPhase;
			buildActionMask = 2147483647;
			files = (
				651DD036F827D25E1FE3EC3B /* AO3FacetField.swift in Sources */,
				670F761FE0BA8E30F7971E59 /* AO3FilterFacetController.swift in Sources */,
				059C04492E4E650E71FEFBC1 /* AO3FilterPopupState.swift in Sources */,
				4279E636C27B3DAF1D957C17 /* AO3FilterPopupView.swift in Sources */,
				67DAB3CD4213F48E3AE7F1BC /* AO3FilterPopupWindowController.swift in Sources */,
				6BF2A94F56BF9E2FD78AAB8A /* AO3Metadata.swift in Sources */,
				752B4DC2BD8762D798DCDA7B /* AO3MetadataExtractor+Authors.swift in Sources */,
				D57B9D6EBE450DB606428463 /* AO3MetadataExtractor.swift in Sources */,
				187ED16CED014E76FC09FB0B /* AO3TagSeedDatabaseConfig.swift in Sources */,
				6A5DA59274FCBC230378BEEA /* ActivityFeed.swift in Sources */,
				F15129C30028966A9990922E /* ActivityFeedView.swift in Sources */,
				CA60DD514BC79B8D9BA3F6DF /* AmbrosiaApp.swift in Sources */,
				8AB13D0C020C5DBFACFAAB1F /* AmbrosiaMetaDB.swift in Sources */,
				12F4B32C2E1284038750759A /* AnnotationExportManager.swift in Sources */,
				7E1E5F271E9C93CDF53F44B4 /* AnnotationPopover.swift in Sources */,
				7AE967F4AD77FF8332552317 /* AnnotationSidebarView.swift in Sources */,
				5335E40754E2F45376C85D07 /* AppDelegate.swift in Sources */,
				3F4B3A622A493BBAA05A9C76 /* BookListRow.swift in Sources */,
				BA147E45481603D28D4F4785 /* BookState.swift in Sources */,
				8CFCCDBE690BDC7572A3742F /* CacheTypes.swift in Sources */,
				57A29F28E97E7E177A90B389 /* CalibreBook.swift in Sources */,
				51F1C8D668AD0ED362A786A2 /* CalibreFTSLibrary.swift in Sources */,
				9154A94D1BB0F310B739C960 /* CalibreLibrary.swift in Sources */,
				A75C92383E822896380664AC /* CalibreLibrarySearch.swift in Sources */,
				5F487DF04828BA069AA81387 /* CollectionActivityEntry.swift in Sources */,
				1E53BE46CA06B2291CFEEC2B /* CollectionAssignment.swift in Sources */,
				A77625315A698D64D1C4BB85 /* CollectionStore.swift in Sources */,
				19A7EF21D956685EFC7AF9A7 /* CollectionsView.swift in Sources */,
				83DB8078E61E82FF0DED5758 /* ContextMenuPreferences.swift in Sources */,
				B099C8187C941012B35C1ABB /* CustomColumnConfig.swift in Sources */,
				AB681CDDA5DBA0D27337FB44 /* DebounceTimer.swift in Sources */,
				925490FDC1E4EB1DD8C1504A /* DuplicateBookDetector.swift in Sources */,
				D0848F669C35F4D8780DA2F1 /* EPUBParser+ImagesAndTOC.swift in Sources */,
				5A3AF850DC6E762823323B64 /* EPUBParser+Rendering.swift in Sources */,
				494E1E26712CD2CFA368CAA9 /* EPUBParser+XMLDelegates.swift in Sources */,
				6D7E9DEEB22D601542A4DEC8 /* EPUBParser.swift in Sources */,
				19E3D4DD5FD9923B58CA7F3D /* EmailDetailView.swift in Sources */,
				6761B0F77C29C656388A75F2 /* EmailLibraryViewController.swift in Sources */,
				524A5F1FE613566A943D4009 /* EmailReaderSidebarView.swift in Sources */,
				3235532E53F71BF330BF56C3 /* EmailSidebarViewController.swift in Sources */,
				31018C0E134D6DFADB78A0CA /* ErrorLogEntry.swift in Sources */,
				5E1BBA23BDECC95514E409D5 /* ErrorLogView.swift in Sources */,
				0D9ACA0F987D3DB4D8840C23 /* ExportManager.swift in Sources */,
				AEA8FEF2583F69CE88E426F3 /* ExtractionProgress.swift in Sources */,
				86E4CE4B62E977AE3098FAC9 /* FilterBuilder.swift in Sources */,
				C711EF5E82BFD54F7816FDA7 /* FilterDrawerView.swift in Sources */,
				A58C27D5C698D352B23BC558 /* FilterRule.swift in Sources */,
				B186D6BA6B955B85966807CA /* FilterValueTextField.swift in Sources */,
				332C82DC72DDF7CAB5456E53 /* FindBarView.swift in Sources */,
				0ECBB0D3859859FEC0884A5B /* FlowLayout.swift in Sources */,
				093BBB063DAB83B19A4C3413 /* FontPanelCoordinator.swift in Sources */,
				C5612FA1707C44E112ADC896 /* GzipEncoder.swift in Sources */,
				27E8864F78672426444C5B06 /* HTMLStripper.swift in Sources */,
				0495CD1811E9F78549AC5494 /* HighlightBridge.swift in Sources */,
				A6CBE4F2AAD4F2AF971B8935 /* KeyBinding.swift in Sources */,
				45B2F387CC24FD727433ECBD /* LibraryIndexManager.swift in Sources */,
				8D5AB7EA5BCB61B844C3970C /* LibraryQueryController.swift in Sources */,
				19232382C3F6A0AA42F822D5 /* LibraryQueryHelpers.swift in Sources */,
				1E35CC2C967BC5560C5CD191 /* LibraryRegistry.swift in Sources */,
				9C46518227336A0E4E02BCA9 /* LibraryRootView.swift in Sources */,
				8ADCFE1F089EEF85ECD0E3EA /* LibrarySession.swift in Sources */,
				1D4AD87B296E53570DA5CDAF /* LibraryToolbarState.swift in Sources */,
				C3145B463255067062B65510 /* LibraryViewController.swift in Sources */,
				B9C5B393734F95544D0E393C /* LibraryVisibilityPolicy.swift in Sources */,
				833915C67CE37D89E879B2B8 /* LibraryWindowController.swift in Sources */,
				CABF8CFA1A2E235DD07473D1 /* LocalFeedServer.swift in Sources */,
				03E68811E335715061EB3D3A /* PaginationEngine.swift in Sources */,
				7F353EF72AAA9B1DFDAF71DF /* PaginationJS.swift in Sources */,
				0C959358DB1D24E2C05E5AEC /* PreferencesWindowController.swift in Sources */,
				F2C750D72AF24C686ECE6A53 /* RSSPublishView.swift in Sources */,
				0D6470486721FDB6A7178F51 /* ReaderPreferences.swift in Sources */,
				A7585927E7601F4C456730EC /* ReaderViewController.swift in Sources */,
				E579FBC36B8D4D034B8E9044 /* ReaderWindowController.swift in Sources */,
				BE55646921EBCEC8DA167586 /* ReadingGoal.swift in Sources */,
				595660AB461D78EFE7C7A7A6 /* ReadingGoalView.swift in Sources */,
				1AA1EB3B668CD1A65424F23A /* SearchActivityLog.swift in Sources */,
				97493EECBEF7C8208D684618 /* SearchQueryParser.swift in Sources */,
				AA832CDE3833F27EA99D8A11 /* SearchSuggestionsView.swift in Sources */,
				37B6FEF2E37EC0A2A5C31F52 /* SeriesGroupBuilder.swift in Sources */,
				C5CE940CEE13D2705C1C9408 /* SeriesListRow.swift in Sources */,
				22255ECA132ADD35C8C7E809 /* SeriesMatchExpansion.swift in Sources */,
				3ABD7281BC3A07B788C628BF /* SeriesSpineMap.swift in Sources */,
				0F67E60EB29873F442257C9F /* SystemCollectionID.swift in Sources */,
				233730E07851F18501211D17 /* TOCSidebarView.swift in Sources */,
				40E700BF96569BD97261E264 /* TagExpansionResolver.swift in Sources */,
				40BF6956EB11A9662C016B4D /* TransferDatabaseBuilder.swift in Sources */,
			);
			runOnlyForDeploymentPostprocessing = 0;
		};
/* End PBXSourcesBuildPhase section */

/* Begin PBXTargetDependency section */
		5F30517366C8DF8CBE3BA56E /* PBXTargetDependency */ = {
			isa = PBXTargetDependency;
			target = 98C399B525759FF92C890D53 /* Ambrosia */;
			targetProxy = E74049037F2EE4C7D0084B2C /* PBXContainerItemProxy */;
		};
/* End PBXTargetDependency section */

/* Begin XCBuildConfiguration section */
		21EF449511D67D7D66C4523F /* Debug */ = {
			isa = XCBuildConfiguration;
			buildSettings = {
				ASSETCATALOG_COMPILER_APPICON_NAME = AppIcon;
				CODE_SIGN_ENTITLEMENTS = Ambrosia/Ambrosia.entitlements;
				CODE_SIGN_IDENTITY = "Apple Development";
				CODE_SIGN_STYLE = Automatic;
				COMBINE_HIDPI_IMAGES = YES;
				CURRENT_PROJECT_VERSION = 1;
				DEVELOPMENT_TEAM = S35M3D45Z9;
				GENERATE_INFOPLIST_FILE = NO;
				INFOPLIST_FILE = Ambrosia/Resources/Info.plist;
				LD_RUNPATH_SEARCH_PATHS = (
					"$(inherited)",
					"@executable_path/../Frameworks",
				);
				MARKETING_VERSION = 0.1.1;
				PRODUCT_BUNDLE_IDENTIFIER = com.kyrielie.ambrosia;
				PRODUCT_NAME = "$(TARGET_NAME)";
				SDKROOT = macosx;
				SWIFT_VERSION = 5.0;
				TARGETED_DEVICE_FAMILY = 1;
			};
			name = Debug;
		};
		2738B5DE65E5A43FBC2F3DE9 /* Debug */ = {
			isa = XCBuildConfiguration;
			buildSettings = {
				BUNDLE_LOADER = "$(TEST_HOST)";
				CODE_SIGN_STYLE = Automatic;
				COMBINE_HIDPI_IMAGES = YES;
				GENERATE_INFOPLIST_FILE = YES;
				LD_RUNPATH_SEARCH_PATHS = (
					"$(inherited)",
					"@executable_path/../Frameworks",
					"@loader_path/../Frameworks",
				);
				PRODUCT_BUNDLE_IDENTIFIER = com.kyrielie.ambrosia.AmbrosiaTests;
				PRODUCT_NAME = "$(TARGET_NAME)";
				SDKROOT = macosx;
				SWIFT_VERSION = 5.0;
				TARGETED_DEVICE_FAMILY = 1;
				TEST_HOST = "$(BUILT_PRODUCTS_DIR)/Ambrosia.app/Contents/MacOS/Ambrosia";
			};
			name = Debug;
		};
		2A67FD70D4CC46D3B83576F6 /* Debug */ = {
			isa = XCBuildConfiguration;
			buildSettings = {
				ALWAYS_SEARCH_USER_PATHS = NO;
				CLANG_ANALYZER_NONNULL = YES;
				CLANG_ANALYZER_NUMBER_OBJECT_CONVERSION = YES_AGGRESSIVE;
				CLANG_CXX_LANGUAGE_STANDARD = "gnu++14";
				CLANG_CXX_LIBRARY = "libc++";
				CLANG_ENABLE_MODULES = YES;
				CLANG_ENABLE_OBJC_ARC = YES;
				CLANG_ENABLE_OBJC_WEAK = YES;
				CLANG_WARN_BLOCK_CAPTURE_AUTORELEASING = YES;
				CLANG_WARN_BOOL_CONVERSION = YES;
				CLANG_WARN_COMMA = YES;
				CLANG_WARN_CONSTANT_CONVERSION = YES;
				CLANG_WARN_DEPRECATED_OBJC_IMPLEMENTATIONS = YES;
				CLANG_WARN_DIRECT_OBJC_ISA_USAGE = YES_ERROR;
				CLANG_WARN_DOCUMENTATION_COMMENTS = YES;
				CLANG_WARN_EMPTY_BODY = YES;
				CLANG_WARN_ENUM_CONVERSION = YES;
				CLANG_WARN_INFINITE_RECURSION = YES;
				CLANG_WARN_INT_CONVERSION = YES;
				CLANG_WARN_NON_LITERAL_NULL_CONVERSION = YES;
				CLANG_WARN_OBJC_IMPLICIT_RETAIN_SELF = YES;
				CLANG_WARN_OBJC_LITERAL_CONVERSION = YES;
				CLANG_WARN_OBJC_ROOT_CLASS = YES_ERROR;
				CLANG_WARN_QUOTED_INCLUDE_IN_FRAMEWORK_HEADER = YES;
				CLANG_WARN_RANGE_LOOP_ANALYSIS = YES;
				CLANG_WARN_STRICT_PROTOTYPES = YES;
				CLANG_WARN_SUSPICIOUS_MOVE = YES;
				CLANG_WARN_UNGUARDED_AVAILABILITY = YES_AGGRESSIVE;
				CLANG_WARN_UNREACHABLE_CODE = YES;
				CLANG_WARN__DUPLICATE_METHOD_MATCH = YES;
				COPY_PHASE_STRIP = NO;
				DEBUG_INFORMATION_FORMAT = dwarf;
				ENABLE_STRICT_OBJC_MSGSEND = YES;
				ENABLE_TESTABILITY = YES;
				GCC_C_LANGUAGE_STANDARD = gnu11;
				GCC_DYNAMIC_NO_PIC = NO;
				GCC_NO_COMMON_BLOCKS = YES;
				GCC_OPTIMIZATION_LEVEL = 0;
				GCC_PREPROCESSOR_DEFINITIONS = (
					"$(inherited)",
					"DEBUG=1",
				);
				GCC_WARN_64_TO_32_BIT_CONVERSION = YES;
				GCC_WARN_ABOUT_RETURN_TYPE = YES_ERROR;
				GCC_WARN_UNDECLARED_SELECTOR = YES;
				GCC_WARN_UNINITIALIZED_AUTOS = YES_AGGRESSIVE;
				GCC_WARN_UNUSED_FUNCTION = YES;
				GCC_WARN_UNUSED_VARIABLE = YES;
				MACOSX_DEPLOYMENT_TARGET = 15.0;
				MTL_ENABLE_DEBUG_INFO = INCLUDE_SOURCE;
				MTL_FAST_MATH = YES;
				ONLY_ACTIVE_ARCH = YES;
				PRODUCT_NAME = "$(TARGET_NAME)";
				SDKROOT = macosx;
				SWIFT_ACTIVE_COMPILATION_CONDITIONS = DEBUG;
				SWIFT_OPTIMIZATION_LEVEL = "-Onone";
				SWIFT_VERSION = 5.0;
			};
			name = Debug;
		};
		619065B39D8C2C3DBC0F2973 /* Release */ = {
			isa = XCBuildConfiguration;
			buildSettings = {
				ALWAYS_SEARCH_USER_PATHS = NO;
				CLANG_ANALYZER_NONNULL = YES;
				CLANG_ANALYZER_NUMBER_OBJECT_CONVERSION = YES_AGGRESSIVE;
				CLANG_CXX_LANGUAGE_STANDARD = "gnu++14";
				CLANG_CXX_LIBRARY = "libc++";
				CLANG_ENABLE_MODULES = YES;
				CLANG_ENABLE_OBJC_ARC = YES;
				CLANG_ENABLE_OBJC_WEAK = YES;
				CLANG_WARN_BLOCK_CAPTURE_AUTORELEASING = YES;
				CLANG_WARN_BOOL_CONVERSION = YES;
				CLANG_WARN_COMMA = YES;
				CLANG_WARN_CONSTANT_CONVERSION = YES;
				CLANG_WARN_DEPRECATED_OBJC_IMPLEMENTATIONS = YES;
				CLANG_WARN_DIRECT_OBJC_ISA_USAGE = YES_ERROR;
				CLANG_WARN_DOCUMENTATION_COMMENTS = YES;
				CLANG_WARN_EMPTY_BODY = YES;
				CLANG_WARN_ENUM_CONVERSION = YES;
				CLANG_WARN_INFINITE_RECURSION = YES;
				CLANG_WARN_INT_CONVERSION = YES;
				CLANG_WARN_NON_LITERAL_NULL_CONVERSION = YES;
				CLANG_WARN_OBJC_IMPLICIT_RETAIN_SELF = YES;
				CLANG_WARN_OBJC_LITERAL_CONVERSION = YES;
				CLANG_WARN_OBJC_ROOT_CLASS = YES_ERROR;
				CLANG_WARN_QUOTED_INCLUDE_IN_FRAMEWORK_HEADER = YES;
				CLANG_WARN_RANGE_LOOP_ANALYSIS = YES;
				CLANG_WARN_STRICT_PROTOTYPES = YES;
				CLANG_WARN_SUSPICIOUS_MOVE = YES;
				CLANG_WARN_UNGUARDED_AVAILABILITY = YES_AGGRESSIVE;
				CLANG_WARN_UNREACHABLE_CODE = YES;
				CLANG_WARN__DUPLICATE_METHOD_MATCH = YES;
				COPY_PHASE_STRIP = NO;
				DEBUG_INFORMATION_FORMAT = "dwarf-with-dsym";
				ENABLE_NS_ASSERTIONS = NO;
				ENABLE_STRICT_OBJC_MSGSEND = YES;
				GCC_C_LANGUAGE_STANDARD = gnu11;
				GCC_NO_COMMON_BLOCKS = YES;
				GCC_WARN_64_TO_32_BIT_CONVERSION = YES;
				GCC_WARN_ABOUT_RETURN_TYPE = YES_ERROR;
				GCC_WARN_UNDECLARED_SELECTOR = YES;
				GCC_WARN_UNINITIALIZED_AUTOS = YES_AGGRESSIVE;
				GCC_WARN_UNUSED_FUNCTION = YES;
				GCC_WARN_UNUSED_VARIABLE = YES;
				MACOSX_DEPLOYMENT_TARGET = 15.0;
				MTL_ENABLE_DEBUG_INFO = NO;
				MTL_FAST_MATH = YES;
				PRODUCT_NAME = "$(TARGET_NAME)";
				SDKROOT = macosx;
				SWIFT_COMPILATION_MODE = wholemodule;
				SWIFT_OPTIMIZATION_LEVEL = "-O";
				SWIFT_VERSION = 5.0;
			};
			name = Release;
		};
		80C05CBFBFE0B3CF410D83A3 /* Release */ = {
			isa = XCBuildConfiguration;
			buildSettings = {
				BUNDLE_LOADER = "$(TEST_HOST)";
				CODE_SIGN_STYLE = Automatic;
				COMBINE_HIDPI_IMAGES = YES;
				GENERATE_INFOPLIST_FILE = YES;
				LD_RUNPATH_SEARCH_PATHS = (
					"$(inherited)",
					"@executable_path/../Frameworks",
					"@loader_path/../Frameworks",
				);
				PRODUCT_BUNDLE_IDENTIFIER = com.kyrielie.ambrosia.AmbrosiaTests;
				PRODUCT_NAME = "$(TARGET_NAME)";
				SDKROOT = macosx;
				SWIFT_VERSION = 5.0;
				TARGETED_DEVICE_FAMILY = 1;
				TEST_HOST = "$(BUILT_PRODUCTS_DIR)/Ambrosia.app/Contents/MacOS/Ambrosia";
			};
			name = Release;
		};
		D8EE4460B39643897C6B359E /* Release */ = {
			isa = XCBuildConfiguration;
			buildSettings = {
				ASSETCATALOG_COMPILER_APPICON_NAME = AppIcon;
				CODE_SIGN_ENTITLEMENTS = Ambrosia/Ambrosia.entitlements;
				CODE_SIGN_IDENTITY = "Apple Development";
				CODE_SIGN_STYLE = Automatic;
				COMBINE_HIDPI_IMAGES = YES;
				CURRENT_PROJECT_VERSION = 1;
				DEVELOPMENT_TEAM = S35M3D45Z9;
				GENERATE_INFOPLIST_FILE = NO;
				INFOPLIST_FILE = Ambrosia/Resources/Info.plist;
				LD_RUNPATH_SEARCH_PATHS = (
					"$(inherited)",
					"@executable_path/../Frameworks",
				);
				MARKETING_VERSION = 0.1.1;
				PRODUCT_BUNDLE_IDENTIFIER = com.kyrielie.ambrosia;
				PRODUCT_NAME = "$(TARGET_NAME)";
				SDKROOT = macosx;
				SWIFT_VERSION = 5.0;
				TARGETED_DEVICE_FAMILY = 1;
			};
			name = Release;
		};
/* End XCBuildConfiguration section */

/* Begin XCConfigurationList section */
		1E2053FCA1ECFD73E21F443A /* Build configuration list for PBXProject "Ambrosia" */ = {
			isa = XCConfigurationList;
			buildConfigurations = (
				2A67FD70D4CC46D3B83576F6 /* Debug */,
				619065B39D8C2C3DBC0F2973 /* Release */,
			);
			defaultConfigurationIsVisible = 0;
			defaultConfigurationName = Debug;
		};
		3B33B13FCAF3EF260C79AE6D /* Build configuration list for PBXNativeTarget "Ambrosia" */ = {
			isa = XCConfigurationList;
			buildConfigurations = (
				21EF449511D67D7D66C4523F /* Debug */,
				D8EE4460B39643897C6B359E /* Release */,
			);
			defaultConfigurationIsVisible = 0;
			defaultConfigurationName = Debug;
		};
		4B2DE372AF7B771C4CB8B47D /* Build configuration list for PBXNativeTarget "AmbrosiaTests" */ = {
			isa = XCConfigurationList;
			buildConfigurations = (
				2738B5DE65E5A43FBC2F3DE9 /* Debug */,
				80C05CBFBFE0B3CF410D83A3 /* Release */,
			);
			defaultConfigurationIsVisible = 0;
			defaultConfigurationName = Debug;
		};
/* End XCConfigurationList section */

/* Begin XCRemoteSwiftPackageReference section */
		4084E54536FD4B3A3E75F692 /* XCRemoteSwiftPackageReference "FlyingFox" */ = {
			isa = XCRemoteSwiftPackageReference;
			repositoryURL = "https://github.com/swhitty/FlyingFox";
			requirement = {
				kind = upToNextMajorVersion;
				minimumVersion = 0.26.2;
			};
		};
		40CAA9E506397951FF14E715 /* XCRemoteSwiftPackageReference "ZIPFoundation" */ = {
			isa = XCRemoteSwiftPackageReference;
			repositoryURL = "https://github.com/weichsel/ZIPFoundation.git";
			requirement = {
				kind = upToNextMajorVersion;
				minimumVersion = 0.9.0;
			};
		};
		C691008B29AFCF36E2AD8E72 /* XCRemoteSwiftPackageReference "SwiftSoup" */ = {
			isa = XCRemoteSwiftPackageReference;
			repositoryURL = "https://github.com/scinfu/SwiftSoup.git";
			requirement = {
				kind = upToNextMajorVersion;
				minimumVersion = 2.6.0;
			};
		};
		D01AD7EAC7B31A48B893084E /* XCRemoteSwiftPackageReference "SQLite.swift" */ = {
			isa = XCRemoteSwiftPackageReference;
			repositoryURL = "https://github.com/stephencelis/SQLite.swift.git";
			requirement = {
				kind = upToNextMajorVersion;
				minimumVersion = 0.14.1;
			};
		};
/* End XCRemoteSwiftPackageReference section */

/* Begin XCSwiftPackageProductDependency section */
		07F26E0BE90AFA894F99A2A0 /* FlyingFox */ = {
			isa = XCSwiftPackageProductDependency;
			package = 4084E54536FD4B3A3E75F692 /* XCRemoteSwiftPackageReference "FlyingFox" */;
			productName = FlyingFox;
		};
		2901C05701C21B1AA8287ED4 /* SQLite */ = {
			isa = XCSwiftPackageProductDependency;
			package = D01AD7EAC7B31A48B893084E /* XCRemoteSwiftPackageReference "SQLite.swift" */;
			productName = SQLite;
		};
		4DB584241E689F61ECFA1D33 /* FlyingSocks */ = {
			isa = XCSwiftPackageProductDependency;
			package = 4084E54536FD4B3A3E75F692 /* XCRemoteSwiftPackageReference "FlyingFox" */;
			productName = FlyingSocks;
		};
		6E77C7D9F1CDB2B67DD31AF2 /* SwiftSoup */ = {
			isa = XCSwiftPackageProductDependency;
			package = C691008B29AFCF36E2AD8E72 /* XCRemoteSwiftPackageReference "SwiftSoup" */;
			productName = SwiftSoup;
		};
		7C3753A4EDE6E4FD4187703E /* SQLite */ = {
			isa = XCSwiftPackageProductDependency;
			package = D01AD7EAC7B31A48B893084E /* XCRemoteSwiftPackageReference "SQLite.swift" */;
			productName = SQLite;
		};
		B6D579EBCC9ADE0EDB269AF4 /* ZIPFoundation */ = {
			isa = XCSwiftPackageProductDependency;
			package = 40CAA9E506397951FF14E715 /* XCRemoteSwiftPackageReference "ZIPFoundation" */;
			productName = ZIPFoundation;
		};
/* End XCSwiftPackageProductDependency section */
	};
	rootObject = 7E56A0D8F57C38FEEC4FD964 /* Project object */;
}
