// !$*UTF8*$!
{
	archiveVersion = 1;
	classes = {
	};
	objectVersion = 56;
	objects = {

/* Begin PBXBuildFile section */
		EC41B135F47F481D94724963F = {isa = PBXBuildFile; fileRef = EC41B135F47F481D94724963; settings = {}; };
		4D1E361C90E1497DA1CD75E2F = {isa = PBXBuildFile; fileRef = 4D1E361C90E1497DA1CD75E2; settings = {}; };
		A1D0BEF497D14BD099B5D5ECF = {isa = PBXBuildFile; fileRef = A1D0BEF497D14BD099B5D5EC; settings = {}; };
		904C7DC3FE504D28A3C90A2BF = {isa = PBXBuildFile; fileRef = 904C7DC3FE504D28A3C90A2B; settings = {}; };
		1F8977AB2F9745DEACFF6548F = {isa = PBXBuildFile; fileRef = 1F8977AB2F9745DEACFF6548; settings = {}; };
		36E517D472614A1788F9CEDEF = {isa = PBXBuildFile; fileRef = 36E517D472614A1788F9CEDE; settings = {}; };
		B97B006AF7074876BE529C12F = {isa = PBXBuildFile; fileRef = B97B006AF7074876BE529C12; settings = {}; };
		73D871CF8BD14E60B94CB491F = {isa = PBXBuildFile; fileRef = 73D871CF8BD14E60B94CB491; settings = {}; };
		87229515E83E4AC59B9B2A95F = {isa = PBXBuildFile; fileRef = 87229515E83E4AC59B9B2A95; settings = {}; };
		B7D4280E44CE40FC8478BC68F = {isa = PBXBuildFile; fileRef = B7D4280E44CE40FC8478BC68; settings = {}; };
		FD0FC465A08D4530A5C86C59F = {isa = PBXBuildFile; fileRef = FD0FC465A08D4530A5C86C59; settings = {}; };
		C0601B8F88CB49BDB51F0CE4F = {isa = PBXBuildFile; fileRef = C0601B8F88CB49BDB51F0CE4; settings = {}; };
		5037BC30F5C947B49D7196AEF = {isa = PBXBuildFile; fileRef = 5037BC30F5C947B49D7196AE; settings = {}; };
		289A4ED0240F4884963BAF9AF = {isa = PBXBuildFile; fileRef = 289A4ED0240F4884963BAF9A; settings = {}; };
		B09DADA86BD349A1BC47BC12F = {isa = PBXBuildFile; fileRef = B09DADA86BD349A1BC47BC12; settings = {}; };
		2FC91CA366334CFE8E8EAD54F = {isa = PBXBuildFile; fileRef = 2FC91CA366334CFE8E8EAD54; settings = {}; };
		7E96791E70E24692B2282A1EF = {isa = PBXBuildFile; fileRef = 7E96791E70E24692B2282A1E; settings = {}; };
		80EBF1ABC2834516B4FD8D2DF = {isa = PBXBuildFile; fileRef = 80EBF1ABC2834516B4FD8D2D; settings = {}; };
		F1142C6BB8354DB3B488C450F = {isa = PBXBuildFile; fileRef = F1142C6BB8354DB3B488C450; settings = {}; };
		18225FAA0945438AB71AB285F = {isa = PBXBuildFile; fileRef = 18225FAA0945438AB71AB285; settings = {}; };
		3EF30D6D00BA40B691EA8110F = {isa = PBXBuildFile; fileRef = 3EF30D6D00BA40B691EA8110; settings = {}; };
		14E71F3DACC447CF8B4FF29BF = {isa = PBXBuildFile; fileRef = 14E71F3DACC447CF8B4FF29B; settings = {}; };
		9D4E67B889EA4F2999FBE7D4F = {isa = PBXBuildFile; fileRef = 9D4E67B889EA4F2999FBE7D4; settings = {}; };
		C5CF7F5D87034F05895A4539F = {isa = PBXBuildFile; fileRef = C5CF7F5D87034F05895A4539; settings = {}; };
		898749FB003147C58A876E92F = {isa = PBXBuildFile; fileRef = 898749FB003147C58A876E92; settings = {}; };
		00D6889E038A44BD866CAB5EF = {isa = PBXBuildFile; fileRef = 00D6889E038A44BD866CAB5E; settings = {}; };
		EE2E961A9DAB42CABB4D7F7BF = {isa = PBXBuildFile; fileRef = EE2E961A9DAB42CABB4D7F7B; settings = {}; };
		BC523994168D4B84897956DBF = {isa = PBXBuildFile; fileRef = BC523994168D4B84897956DB; settings = {}; };
		FA112233445566778899AABBF = {isa = PBXBuildFile; fileRef = FA112233445566778899AABB; settings = {}; };
		FB223344556677889900BBCCF = {isa = PBXBuildFile; fileRef = FB223344556677889900BBCC; settings = {}; };
		FC001122334455667788DDEE0 = {isa = PBXBuildFile; fileRef = FC001122334455667788DDEE; settings = {}; };
		FC001122334455667788DDEE1 = {isa = PBXBuildFile; fileRef = FC001122334455667788DDEF; settings = {}; };
		FC001122334455667788DDEE2 = {isa = PBXBuildFile; fileRef = FC001122334455667788DDF0; settings = {}; };
		FC001122334455667788DDEE3 = {isa = PBXBuildFile; fileRef = FC001122334455667788DDF1; settings = {}; };
		BB364F9ED5F842B9A84A141CF = {isa = PBXBuildFile; fileRef = BB364F9ED5F842B9A84A141C; settings = {}; };
/* End PBXBuildFile section */

/* Begin PBXFileReference section */
		AA000000000000000000PROD1 = {isa = PBXFileReference; explicitFileType = wrapper.application; includeInIndex = 0; path = Ambrosia.app; sourceTree = BUILT_PRODUCTS_DIR; };
		EC41B135F47F481D94724963 = {isa = PBXFileReference; lastKnownFileType = sourcecode.swift; path = AmbrosiaApp.swift; sourceTree = "<group>"; };
		4D1E361C90E1497DA1CD75E2 = {isa = PBXFileReference; lastKnownFileType = sourcecode.swift; path = AppDelegate.swift; sourceTree = "<group>"; };
		A1D0BEF497D14BD099B5D5EC = {isa = PBXFileReference; lastKnownFileType = sourcecode.swift; path = Book.swift; sourceTree = "<group>"; };
		904C7DC3FE504D28A3C90A2B = {isa = PBXFileReference; lastKnownFileType = sourcecode.swift; path = Author.swift; sourceTree = "<group>"; };
		1F8977AB2F9745DEACFF6548 = {isa = PBXFileReference; lastKnownFileType = sourcecode.swift; path = Fandom.swift; sourceTree = "<group>"; };
		36E517D472614A1788F9CEDE = {isa = PBXFileReference; lastKnownFileType = sourcecode.swift; path = Tag.swift; sourceTree = "<group>"; };
		B97B006AF7074876BE529C12 = {isa = PBXFileReference; lastKnownFileType = sourcecode.swift; path = Collection.swift; sourceTree = "<group>"; };
		73D871CF8BD14E60B94CB491 = {isa = PBXFileReference; lastKnownFileType = sourcecode.swift; path = ReadingState.swift; sourceTree = "<group>"; };
		87229515E83E4AC59B9B2A95 = {isa = PBXFileReference; lastKnownFileType = sourcecode.swift; path = ReadingGoal.swift; sourceTree = "<group>"; };
		B7D4280E44CE40FC8478BC68 = {isa = PBXFileReference; lastKnownFileType = sourcecode.swift; path = CalibreImporter.swift; sourceTree = "<group>"; };
		FD0FC465A08D4530A5C86C59 = {isa = PBXFileReference; lastKnownFileType = sourcecode.swift; path = EPUBValidator.swift; sourceTree = "<group>"; };
		C0601B8F88CB49BDB51F0CE4 = {isa = PBXFileReference; lastKnownFileType = sourcecode.swift; path = BookLibrary.swift; sourceTree = "<group>"; };
		5037BC30F5C947B49D7196AE = {isa = PBXFileReference; lastKnownFileType = sourcecode.swift; path = LibraryWindowController.swift; sourceTree = "<group>"; };
		289A4ED0240F4884963BAF9A = {isa = PBXFileReference; lastKnownFileType = sourcecode.swift; path = LibraryViewController.swift; sourceTree = "<group>"; };
		B09DADA86BD349A1BC47BC12 = {isa = PBXFileReference; lastKnownFileType = sourcecode.swift; path = BookGridItem.swift; sourceTree = "<group>"; };
		2FC91CA366334CFE8E8EAD54 = {isa = PBXFileReference; lastKnownFileType = sourcecode.swift; path = FilterDrawerView.swift; sourceTree = "<group>"; };
		7E96791E70E24692B2282A1E = {isa = PBXFileReference; lastKnownFileType = sourcecode.swift; path = FilterRule.swift; sourceTree = "<group>"; };
		80EBF1ABC2834516B4FD8D2D = {isa = PBXFileReference; lastKnownFileType = sourcecode.swift; path = FilterBuilder.swift; sourceTree = "<group>"; };
		F1142C6BB8354DB3B488C450 = {isa = PBXFileReference; lastKnownFileType = sourcecode.swift; path = ReaderWindowController.swift; sourceTree = "<group>"; };
		18225FAA0945438AB71AB285 = {isa = PBXFileReference; lastKnownFileType = sourcecode.swift; path = ReaderViewController.swift; sourceTree = "<group>"; };
		3EF30D6D00BA40B691EA8110 = {isa = PBXFileReference; lastKnownFileType = sourcecode.swift; path = EPUBParser.swift; sourceTree = "<group>"; };
		14E71F3DACC447CF8B4FF29B = {isa = PBXFileReference; lastKnownFileType = sourcecode.swift; path = PaginationEngine.swift; sourceTree = "<group>"; };
		9D4E67B889EA4F2999FBE7D4 = {isa = PBXFileReference; lastKnownFileType = sourcecode.swift; path = PaginationJS.swift; sourceTree = "<group>"; };
		C5CF7F5D87034F05895A4539 = {isa = PBXFileReference; lastKnownFileType = sourcecode.swift; path = HighlightBridge.swift; sourceTree = "<group>"; };
		898749FB003147C58A876E92 = {isa = PBXFileReference; lastKnownFileType = sourcecode.swift; path = BookmarkManager.swift; sourceTree = "<group>"; };
		00D6889E038A44BD866CAB5E = {isa = PBXFileReference; lastKnownFileType = sourcecode.swift; path = ReaderPreferences.swift; sourceTree = "<group>"; };
		EE2E961A9DAB42CABB4D7F7B = {isa = PBXFileReference; lastKnownFileType = sourcecode.swift; path = ExportManager.swift; sourceTree = "<group>"; };
		BC523994168D4B84897956DB = {isa = PBXFileReference; lastKnownFileType = sourcecode.swift; path = DebounceTimer.swift; sourceTree = "<group>"; };
		FA112233445566778899AABB = {isa = PBXFileReference; lastKnownFileType = sourcecode.swift; path = HTMLStripper.swift; sourceTree = "<group>"; };
		FB223344556677889900BBCC = {isa = PBXFileReference; lastKnownFileType = sourcecode.swift; path = LibraryRegistry.swift; sourceTree = "<group>"; };
		FC001122334455667788DDEE = {isa = PBXFileReference; lastKnownFileType = sourcecode.swift; path = BookState.swift; sourceTree = "<group>"; };
		FC001122334455667788DDEF = {isa = PBXFileReference; lastKnownFileType = sourcecode.swift; path = CalibreBook.swift; sourceTree = "<group>"; };
		FC001122334455667788DDF0 = {isa = PBXFileReference; lastKnownFileType = sourcecode.swift; path = CalibreLibrary.swift; sourceTree = "<group>"; };
		FC001122334455667788DDF1 = {isa = PBXFileReference; lastKnownFileType = sourcecode.swift; path = LibrarySession.swift; sourceTree = "<group>"; };
		BB364F9ED5F842B9A84A141C = {isa = PBXFileReference; lastKnownFileType = text.css; path = BaseStyles.css; sourceTree = "<group>"; };
		AA000000000000000000PLIST = {isa = PBXFileReference; lastKnownFileType = text.plist.xml; path = Info.plist; sourceTree = "<group>"; };
/* End PBXFileReference section */

/* Begin PBXFrameworksBuildPhase section */
		AA000000000000000000FWBP = {
			isa = PBXFrameworksBuildPhase;
			buildActionMask = 2147483647;
			files = (
			);
			runOnlyForDeploymentPostprocessing = 0;
		};
/* End PBXFrameworksBuildPhase section */

/* Begin PBXGroup section */
		1CA363F1AB59489BA9407C58 = {
			isa = PBXGroup;
			children = (
				705BB594EE414BA1A2183507,
				B6064A1F96704D96963D3167,
				8CA9EAB7C3FE4C969CB15A7E,
				8208FAF195094788BD46B9A7,
				CB4338E4E54A4D70B3E57422,
				A11C24217BD6471FA3E2C333,
				397D9A9DAE894F5E81144288,
			);
			path = Ambrosia;
			sourceTree = "<group>";
		};
		397D9A9DAE894F5E81144288 = {
			isa = PBXGroup;
			children = (
				AA000000000000000000PROD1,
			);
			name = Products;
			sourceTree = "<group>";
		};
		705BB594EE414BA1A2183507 = {
			isa = PBXGroup;
			children = (
				EC41B135F47F481D94724963,
				4D1E361C90E1497DA1CD75E2,
			);
			path = App;
			sourceTree = "<group>";
		};
		B6064A1F96704D96963D3167 = {
			isa = PBXGroup;
			children = (
				20F1F4AE83FE4391B96B4C08,
				B7D4280E44CE40FC8478BC68,
				FD0FC465A08D4530A5C86C59,
				C0601B8F88CB49BDB51F0CE4,
				FB223344556677889900BBCC,
				FC001122334455667788DDF0,
				FC001122334455667788DDF1,
			);
			path = Database;
			sourceTree = "<group>";
		};
		20F1F4AE83FE4391B96B4C08 = {
			isa = PBXGroup;
			children = (
				A1D0BEF497D14BD099B5D5EC,
				904C7DC3FE504D28A3C90A2B,
				1F8977AB2F9745DEACFF6548,
				36E517D472614A1788F9CEDE,
				B97B006AF7074876BE529C12,
				73D871CF8BD14E60B94CB491,
				87229515E83E4AC59B9B2A95,
				FC001122334455667788DDEE,
				FC001122334455667788DDEF,
			);
			path = Models;
			sourceTree = "<group>";
		};
		8CA9EAB7C3FE4C969CB15A7E = {
			isa = PBXGroup;
			children = (
				1C4325980DE54054B34FA01C,
				5037BC30F5C947B49D7196AE,
				289A4ED0240F4884963BAF9A,
				B09DADA86BD349A1BC47BC12,
			);
			path = LibraryUI;
			sourceTree = "<group>";
		};
		1C4325980DE54054B34FA01C = {
			isa = PBXGroup;
			children = (
				2FC91CA366334CFE8E8EAD54,
				7E96791E70E24692B2282A1E,
				80EBF1ABC2834516B4FD8D2D,
			);
			path = FilterDrawer;
			sourceTree = "<group>";
		};
		8208FAF195094788BD46B9A7 = {
			isa = PBXGroup;
			children = (
				F1142C6BB8354DB3B488C450,
				18225FAA0945438AB71AB285,
				3EF30D6D00BA40B691EA8110,
				14E71F3DACC447CF8B4FF29B,
				9D4E67B889EA4F2999FBE7D4,
				C5CF7F5D87034F05895A4539,
				898749FB003147C58A876E92,
				00D6889E038A44BD866CAB5E,
			);
			path = Reader;
			sourceTree = "<group>";
		};
		CB4338E4E54A4D70B3E57422 = {
			isa = PBXGroup;
			children = (
				EE2E961A9DAB42CABB4D7F7B,
				BC523994168D4B84897956DB,
				FA112233445566778899AABB,
			);
			path = Utilities;
			sourceTree = "<group>";
		};
		A11C24217BD6471FA3E2C333 = {
			isa = PBXGroup;
			children = (
				BB364F9ED5F842B9A84A141C,
				AA000000000000000000PLIST,
			);
			path = Resources;
			sourceTree = "<group>";
		};
/* End PBXGroup section */

/* Begin PBXNativeTarget section */
		52DE067F0773415CAB462294 = {
			isa = PBXNativeTarget;
			buildConfigurationList = AA000000000000000000CFLG;
			buildPhases = (
				AA000000000000000000SRCS,
				AA000000000000000000FWBP,
				AA000000000000000000RSRC,
			);
			buildRules = (
			);
			dependencies = (
			);
			name = Ambrosia;
			packageProductDependencies = (
				AA000000000000000000SPM1,
				AA000000000000000000SPM2,
			);
			productName = Ambrosia;
			productReference = AA000000000000000000PROD1;
			productType = "com.apple.product-type.application";
		};
/* End PBXNativeTarget section */

/* Begin PBXProject section */
		AA000000000000000000PROJ = {
			isa = PBXProject;
			attributes = {
				BuildIndependentTargetsInParallel = 1;
				LastSwiftUpdateCheck = 1500;
				LastUpgradeCheck = 1620;
				TargetAttributes = {
					52DE067F0773415CAB462294 = {
						CreatedOnToolsVersion = 15.0;
					};
				};
			};
			buildConfigurationList = AA000000000000000000PCFL;
			compatibilityVersion = "Xcode 14.0";
			developmentRegion = en;
			hasScannedForEncodings = 0;
			knownRegions = (
				en,
				Base,
			);
			mainGroup = 1CA363F1AB59489BA9407C58;
			packageReferences = (
				AA000000000000000000PKG1,
				AA000000000000000000PKG2,
			);
			productRefGroup = 397D9A9DAE894F5E81144288;
			projectDirPath = "";
			projectRoot = "";
			targets = (
				52DE067F0773415CAB462294,
			);
		};
/* End PBXProject section */

/* Begin PBXResourcesBuildPhase section */
		AA000000000000000000RSRC = {
			isa = PBXResourcesBuildPhase;
			buildActionMask = 2147483647;
			files = (
				BB364F9ED5F842B9A84A141CF,
			);
			runOnlyForDeploymentPostprocessing = 0;
		};
/* End PBXResourcesBuildPhase section */

/* Begin PBXSourcesBuildPhase section */
		AA000000000000000000SRCS = {
			isa = PBXSourcesBuildPhase;
			buildActionMask = 2147483647;
			files = (
				EC41B135F47F481D94724963F,
				4D1E361C90E1497DA1CD75E2F,
				A1D0BEF497D14BD099B5D5ECF,
				904C7DC3FE504D28A3C90A2BF,
				1F8977AB2F9745DEACFF6548F,
				36E517D472614A1788F9CEDEF,
				B97B006AF7074876BE529C12F,
				73D871CF8BD14E60B94CB491F,
				87229515E83E4AC59B9B2A95F,
				B7D4280E44CE40FC8478BC68F,
				FD0FC465A08D4530A5C86C59F,
				C0601B8F88CB49BDB51F0CE4F,
				5037BC30F5C947B49D7196AEF,
				289A4ED0240F4884963BAF9AF,
				B09DADA86BD349A1BC47BC12F,
				2FC91CA366334CFE8E8EAD54F,
				7E96791E70E24692B2282A1EF,
				80EBF1ABC2834516B4FD8D2DF,
				F1142C6BB8354DB3B488C450F,
				18225FAA0945438AB71AB285F,
				3EF30D6D00BA40B691EA8110F,
				14E71F3DACC447CF8B4FF29BF,
				9D4E67B889EA4F2999FBE7D4F,
				C5CF7F5D87034F05895A4539F,
				898749FB003147C58A876E92F,
				00D6889E038A44BD866CAB5EF,
				EE2E961A9DAB42CABB4D7F7BF,
				BC523994168D4B84897956DBF,
				FA112233445566778899AABBF,
				FB223344556677889900BBCCF,
				FC001122334455667788DDEE0,
				FC001122334455667788DDEE1,
				FC001122334455667788DDEE2,
				FC001122334455667788DDEE3,
			);
			runOnlyForDeploymentPostprocessing = 0;
		};
/* End PBXSourcesBuildPhase section */

/* Begin XCBuildConfiguration section */
		AA000000000000000000DBG1 = {
			isa = XCBuildConfiguration;
			buildSettings = {
				ALWAYS_SEARCH_USER_PATHS = NO;
				ASSETCATALOG_COMPILER_GENERATE_SWIFT_ASSET_SYMBOL_EXTENSIONS = YES;
				CLANG_ANALYZER_NONNULL = YES;
				CLANG_ANALYZER_NUMBER_OBJECT_CONVERSION = YES_AGGRESSIVE;
				CLANG_CXX_LANGUAGE_STANDARD = "gnu++20";
				CLANG_ENABLE_MODULES = YES;
				CLANG_ENABLE_OBJC_ARC = YES;
				CLANG_ENABLE_OBJC_WEAK = YES;
				CLANG_WARN_BLOCK_CAPTURE_AUTORELEASING = YES;
				CLANG_WARN_BOOL_CONVERSION = YES;
				CLANG_WARN_COMMA = YES;
				CLANG_WARN_CONSTANT_CONVERSION = YES;
				CLANG_WARN_DEPRECATED_OBJC_IMPLEMENTATIONS = YES;
				CLANG_WARN_DIRECT_OBJC_ISA_USAGE = YES_ERROR;
				CLANG_WARN_DOCUMENTATION_COMMENTS = YES;
				CLANG_WARN_EMPTY_BODY = YES;
				CLANG_WARN_ENUM_CONVERSION = YES;
				CLANG_WARN_INFINITE_RECURSION = YES;
				CLANG_WARN_INT_CONVERSION = YES;
				CLANG_WARN_NON_LITERAL_NULL_CONVERSION = YES;
				CLANG_WARN_OBJC_IMPLICIT_RETAIN_SELF = YES;
				CLANG_WARN_OBJC_LITERAL_CONVERSION = YES;
				CLANG_WARN_OBJC_ROOT_CLASS = YES_ERROR;
				CLANG_WARN_QUOTED_INCLUDE_IN_FRAMEWORK_HEADER = YES;
				CLANG_WARN_RANGE_LOOP_ANALYSIS = YES;
				CLANG_WARN_STRICT_PROTOTYPES = YES;
				CLANG_WARN_SUSPICIOUS_MOVE = YES;
				CLANG_WARN_UNGUARDED_AVAILABILITY = YES_AGGRESSIVE;
				CLANG_WARN_UNREACHABLE_CODE = YES;
				CLANG_WARN__DUPLICATE_METHOD_MATCH = YES;
				COPY_PHASE_STRIP = NO;
				DEAD_CODE_STRIPPING = YES;
				DEBUG_INFORMATION_FORMAT = dwarf;
				DEVELOPMENT_TEAM = "";
				ENABLE_STRICT_OBJC_MSGSEND = YES;
				ENABLE_TESTABILITY = YES;
				ENABLE_USER_SCRIPT_SANDBOXING = YES;
				GCC_C_LANGUAGE_STANDARD = gnu17;
				GCC_DYNAMIC_NO_PIC = NO;
				GCC_NO_COMMON_BLOCKS = YES;
				GCC_OPTIMIZATION_LEVEL = 0;
				GCC_PREPROCESSOR_DEFINITIONS = (
					"DEBUG=1",
					"$(inherited)",
				);
				GCC_WARN_64_TO_32_BIT_CONVERSION = YES;
				GCC_WARN_ABOUT_RETURN_TYPE = YES_ERROR;
				GCC_WARN_UNDECLARED_SELECTOR = YES;
				GCC_WARN_UNINITIALIZED_AUTOS = YES_AGGRESSIVE;
				GCC_WARN_UNUSED_FUNCTION = YES;
				GCC_WARN_UNUSED_VARIABLE = YES;
				LOCALIZATION_PREFERS_STRING_CATALOGS = YES;
				ENABLE_HARDENED_RUNTIME = YES;
				SWIFT_EMIT_LOC_STRINGS = YES;
				MACOSX_DEPLOYMENT_TARGET = 14.0;
				MTL_ENABLE_DEBUG_INFO = INCLUDE_SOURCE;
				MTL_FAST_MATH = YES;
				ONLY_ACTIVE_ARCH = YES;
				SDKROOT = macosx;
				SWIFT_ACTIVE_COMPILATION_CONDITIONS = "DEBUG $(inherited)";
				SWIFT_OPTIMIZATION_LEVEL = "-Onone";
			};
			name = Debug;
		};
		AA000000000000000000REL1 = {
			isa = XCBuildConfiguration;
			buildSettings = {
				ALWAYS_SEARCH_USER_PATHS = NO;
				ASSETCATALOG_COMPILER_GENERATE_SWIFT_ASSET_SYMBOL_EXTENSIONS = YES;
				CLANG_ANALYZER_NONNULL = YES;
				CLANG_ANALYZER_NUMBER_OBJECT_CONVERSION = YES_AGGRESSIVE;
				CLANG_CXX_LANGUAGE_STANDARD = "gnu++20";
				CLANG_ENABLE_MODULES = YES;
				CLANG_ENABLE_OBJC_ARC = YES;
				CLANG_ENABLE_OBJC_WEAK = YES;
				CLANG_WARN_BLOCK_CAPTURE_AUTORELEASING = YES;
				CLANG_WARN_BOOL_CONVERSION = YES;
				CLANG_WARN_COMMA = YES;
				CLANG_WARN_CONSTANT_CONVERSION = YES;
				CLANG_WARN_DEPRECATED_OBJC_IMPLEMENTATIONS = YES;
				CLANG_WARN_DIRECT_OBJC_ISA_USAGE = YES_ERROR;
				CLANG_WARN_DOCUMENTATION_COMMENTS = YES;
				CLANG_WARN_EMPTY_BODY = YES;
				CLANG_WARN_ENUM_CONVERSION = YES;
				CLANG_WARN_INFINITE_RECURSION = YES;
				CLANG_WARN_INT_CONVERSION = YES;
				CLANG_WARN_NON_LITERAL_NULL_CONVERSION = YES;
				CLANG_WARN_OBJC_IMPLICIT_RETAIN_SELF = YES;
				CLANG_WARN_OBJC_LITERAL_CONVERSION = YES;
				CLANG_WARN_OBJC_ROOT_CLASS = YES_ERROR;
				CLANG_WARN_QUOTED_INCLUDE_IN_FRAMEWORK_HEADER = YES;
				CLANG_WARN_RANGE_LOOP_ANALYSIS = YES;
				CLANG_WARN_STRICT_PROTOTYPES = YES;
				CLANG_WARN_SUSPICIOUS_MOVE = YES;
				CLANG_WARN_UNGUARDED_AVAILABILITY = YES_AGGRESSIVE;
				CLANG_WARN_UNREACHABLE_CODE = YES;
				CLANG_WARN__DUPLICATE_METHOD_MATCH = YES;
				COPY_PHASE_STRIP = NO;
				DEAD_CODE_STRIPPING = YES;
				DEBUG_INFORMATION_FORMAT = "dwarf-with-dsym";
				DEVELOPMENT_TEAM = "";
				ENABLE_NS_ASSERTIONS = NO;
				ENABLE_STRICT_OBJC_MSGSEND = YES;
				ENABLE_USER_SCRIPT_SANDBOXING = YES;
				GCC_C_LANGUAGE_STANDARD = gnu17;
				GCC_NO_COMMON_BLOCKS = YES;
				GCC_WARN_64_TO_32_BIT_CONVERSION = YES;
				GCC_WARN_ABOUT_RETURN_TYPE = YES_ERROR;
				GCC_WARN_UNDECLARED_SELECTOR = YES;
				GCC_WARN_UNINITIALIZED_AUTOS = YES_AGGRESSIVE;
				GCC_WARN_UNUSED_FUNCTION = YES;
				GCC_WARN_UNUSED_VARIABLE = YES;
				LOCALIZATION_PREFERS_STRING_CATALOGS = YES;
				ENABLE_HARDENED_RUNTIME = YES;
				SWIFT_EMIT_LOC_STRINGS = YES;
				MACOSX_DEPLOYMENT_TARGET = 14.0;
				MTL_FAST_MATH = YES;
				SDKROOT = macosx;
				SWIFT_COMPILATION_MODE = wholemodule;
				SWIFT_OPTIMIZATION_LEVEL = "-O";
			};
			name = Release;
		};
		AA000000000000000000DBG2 = {
			isa = XCBuildConfiguration;
			buildSettings = {
				ASSETCATALOG_COMPILER_APPICON_NAME = AppIcon;
				ASSETCATALOG_COMPILER_GLOBAL_ACCENT_COLOR_NAME = AccentColor;
				CODE_SIGN_ALLOW_ENTITLEMENTS_MODIFICATION = YES;
				CODE_SIGN_ENTITLEMENTS = Ambrosia/Ambrosia.entitlements;
				CODE_SIGN_IDENTITY = "Apple Development";
				CODE_SIGN_STYLE = Automatic;
				COMBINE_HIDPI_IMAGES = YES;
				CURRENT_PROJECT_VERSION = 1;
				ENABLE_HARDENED_RUNTIME = YES;
				GENERATE_INFOPLIST_FILE = NO;
				INFOPLIST_FILE = Ambrosia/Resources/Info.plist;
				LD_RUNPATH_SEARCH_PATHS = (
					"$(inherited)",
					"@executable_path/../Frameworks",
				);
				MACOSX_DEPLOYMENT_TARGET = 14.0;
				MARKETING_VERSION = 0.1.0;
				PRODUCT_BUNDLE_IDENTIFIER = "com.ambrosia.reader";
				PRODUCT_NAME = "$(TARGET_NAME)";
				SWIFT_VERSION = 5.0;
				TARGETED_DEVICE_FAMILY = 1;
			};
			name = Debug;
		};
		AA000000000000000000REL2 = {
			isa = XCBuildConfiguration;
			buildSettings = {
				ASSETCATALOG_COMPILER_APPICON_NAME = AppIcon;
				ASSETCATALOG_COMPILER_GLOBAL_ACCENT_COLOR_NAME = AccentColor;
				CODE_SIGN_ALLOW_ENTITLEMENTS_MODIFICATION = YES;
				CODE_SIGN_ENTITLEMENTS = Ambrosia/Ambrosia.entitlements;
				CODE_SIGN_IDENTITY = "Apple Development";
				CODE_SIGN_STYLE = Automatic;
				COMBINE_HIDPI_IMAGES = YES;
				CURRENT_PROJECT_VERSION = 1;
				ENABLE_HARDENED_RUNTIME = YES;
				GENERATE_INFOPLIST_FILE = NO;
				INFOPLIST_FILE = Ambrosia/Resources/Info.plist;
				LD_RUNPATH_SEARCH_PATHS = (
					"$(inherited)",
					"@executable_path/../Frameworks",
				);
				MACOSX_DEPLOYMENT_TARGET = 14.0;
				MARKETING_VERSION = 0.1.0;
				PRODUCT_BUNDLE_IDENTIFIER = "com.ambrosia.reader";
				PRODUCT_NAME = "$(TARGET_NAME)";
				SWIFT_VERSION = 5.0;
				TARGETED_DEVICE_FAMILY = 1;
			};
			name = Release;
		};
/* End XCBuildConfiguration section */

/* Begin XCConfigurationList section */
		AA000000000000000000PCFL = {
			isa = XCConfigurationList;
			buildConfigurations = (
				AA000000000000000000DBG1,
				AA000000000000000000REL1,
			);
			defaultConfigurationIsVisible = 0;
			defaultConfigurationName = Release;
		};
		AA000000000000000000CFLG = {
			isa = XCConfigurationList;
			buildConfigurations = (
				AA000000000000000000DBG2,
				AA000000000000000000REL2,
			);
			defaultConfigurationIsVisible = 0;
			defaultConfigurationName = Release;
		};
/* End XCConfigurationList section */

/* Begin XCRemoteSwiftPackageReference section */
		AA000000000000000000PKG1 = {
			isa = XCRemoteSwiftPackageReference;
			repositoryURL = "https://github.com/stephencelis/SQLite.swift.git";
			requirement = {
				kind = upToNextMajorVersion;
				minimumVersion = 0.14.1;
			};
		};
		AA000000000000000000PKG2 = {
			isa = XCRemoteSwiftPackageReference;
			repositoryURL = "https://github.com/weichsel/ZIPFoundation.git";
			requirement = {
				kind = upToNextMajorVersion;
				minimumVersion = 0.9.0;
			};
		};
/* End XCRemoteSwiftPackageReference section */

/* Begin XCSwiftPackageProductDependency section */
		AA000000000000000000SPM1 = {
			isa = XCSwiftPackageProductDependency;
			package = AA000000000000000000PKG1;
			productName = SQLite;
		};
		AA000000000000000000SPM2 = {
			isa = XCSwiftPackageProductDependency;
			package = AA000000000000000000PKG2;
			productName = ZIPFoundation;
		};
/* End XCSwiftPackageProductDependency section */

	};
	rootObject = AA000000000000000000PROJ;
}
